// !$*UTF8*$!
{
	archiveVersion = 1;
	classes = {
	};
	objectVersion = 46;
	objects = {

/* Begin PBXBuildFile section */
		23342EC61D7631E600CF11A9 /* KeypadBehavior.swift in Sources */ = {isa = PBXBuildFile; fileRef = 23342EC51D7631E600CF11A9 /* KeypadBehavior.swift */; };
		23342EC91D7654A600CF11A9 /* TipData.swift in Sources */ = {isa = PBXBuildFile; fileRef = 23342EC81D7654A600CF11A9 /* TipData.swift */; };
		23468E252933FBAE00EFAC3C /* TipCalculator.swift in Sources */ = {isa = PBXBuildFile; fileRef = 235CDC3D1D2AACC100E15F15 /* TipCalculator.swift */; };
		235CDC3E1D2AACC100E15F15 /* TipCalculator.swift in Sources */ = {isa = PBXBuildFile; fileRef = 235CDC3D1D2AACC100E15F15 /* TipCalculator.swift */; };
		23748D542934EC3700CB38AF /* WidgetKit.framework in Frameworks */ = {isa = PBXBuildFile; fileRef = 23C03E8128E0B75100384C22 /* WidgetKit.framework */; };
		23748D552934EC3700CB38AF /* SwiftUI.framework in Frameworks */ = {isa = PBXBuildFile; fileRef = 23C03E8328E0B75100384C22 /* SwiftUI.framework */; };
		23748D582934EC3700CB38AF /* CkPls_WidgetKit_Extension.swift in Sources */ = {isa = PBXBuildFile; fileRef = 23748D572934EC3700CB38AF /* CkPls_WidgetKit_Extension.swift */; };
		23748D5A2934EC3900CB38AF /* Assets.xcassets in Resources */ = {isa = PBXBuildFile; fileRef = 23748D592934EC3900CB38AF /* Assets.xcassets */; };
		23748D5E2934EC3900CB38AF /* CkPls WidgetKit ExtensionExtension.appex in Embed Foundation Extensions */ = {isa = PBXBuildFile; fileRef = 23748D532934EC3700CB38AF /* CkPls WidgetKit ExtensionExtension.appex */; settings = {ATTRIBUTES = (RemoveHeadersOnCopy, ); }; };
		238BFE281D2813FE00C8B6E8 /* AppDelegate.swift in Sources */ = {isa = PBXBuildFile; fileRef = 238BFE271D2813FE00C8B6E8 /* AppDelegate.swift */; };
		238BFE2A1D2813FE00C8B6E8 /* ViewController.swift in Sources */ = {isa = PBXBuildFile; fileRef = 238BFE291D2813FE00C8B6E8 /* ViewController.swift */; };
		238BFE2D1D2813FE00C8B6E8 /* Main.storyboard in Resources */ = {isa = PBXBuildFile; fileRef = 238BFE2B1D2813FE00C8B6E8 /* Main.storyboard */; };
		238BFE2F1D2813FE00C8B6E8 /* Assets.xcassets in Resources */ = {isa = PBXBuildFile; fileRef = 238BFE2E1D2813FE00C8B6E8 /* Assets.xcassets */; };
		238BFE321D2813FE00C8B6E8 /* LaunchScreen.storyboard in Resources */ = {isa = PBXBuildFile; fileRef = 238BFE301D2813FE00C8B6E8 /* LaunchScreen.storyboard */; };
		238BFE3D1D2813FE00C8B6E8 /* CheckPleaseTests.swift in Sources */ = {isa = PBXBuildFile; fileRef = 238BFE3C1D2813FE00C8B6E8 /* CheckPleaseTests.swift */; };
		23970B631D2D4DB300A67666 /* License.txt in Resources */ = {isa = PBXBuildFile; fileRef = 23970B621D2D4DB300A67666 /* License.txt */; };
		23970B721D2DD7A700A67666 /* ViewBlinker.swift in Sources */ = {isa = PBXBuildFile; fileRef = 23970B711D2DD7A700A67666 /* ViewBlinker.swift */; };
		23C947E029329516004177D9 /* CkPls_Watch_AppApp.swift in Sources */ = {isa = PBXBuildFile; fileRef = 23C947DF29329516004177D9 /* CkPls_Watch_AppApp.swift */; };
		23C947E229329516004177D9 /* ContentView.swift in Sources */ = {isa = PBXBuildFile; fileRef = 23C947E129329516004177D9 /* ContentView.swift */; };
		23C947E429329518004177D9 /* Assets.xcassets in Resources */ = {isa = PBXBuildFile; fileRef = 23C947E329329518004177D9 /* Assets.xcassets */; };
		23C947E729329518004177D9 /* Preview Assets.xcassets in Resources */ = {isa = PBXBuildFile; fileRef = 23C947E629329518004177D9 /* Preview Assets.xcassets */; };
		23C948032932B2DF004177D9 /* ModelData.swift in Sources */ = {isa = PBXBuildFile; fileRef = 23C948022932B2DF004177D9 /* ModelData.swift */; };
/* End PBXBuildFile section */

/* Begin PBXContainerItemProxy section */
		23748D5C2934EC3900CB38AF /* PBXContainerItemProxy */ = {
			isa = PBXContainerItemProxy;
			containerPortal = 238BFE1C1D2813FE00C8B6E8 /* Project object */;
			proxyType = 1;
			remoteGlobalIDString = 23748D522934EC3700CB38AF;
			remoteInfo = "CkPls WidgetKit ExtensionExtension";
		};
		238BFE391D2813FE00C8B6E8 /* PBXContainerItemProxy */ = {
			isa = PBXContainerItemProxy;
			containerPortal = 238BFE1C1D2813FE00C8B6E8 /* Project object */;
			proxyType = 1;
			remoteGlobalIDString = 238BFE231D2813FE00C8B6E8;
			remoteInfo = CheckPlease;
		};
/* End PBXContainerItemProxy section */

/* Begin PBXCopyFilesBuildPhase section */
		235CDC3C1D29794400E15F15 /* Embed Watch Content */ = {
			isa = PBXCopyFilesBuildPhase;
			buildActionMask = 2147483647;
			dstPath = "$(CONTENTS_FOLDER_PATH)/Watch";
			dstSubfolderSpec = 16;
			files = (
			);
			name = "Embed Watch Content";
			runOnlyForDeploymentPostprocessing = 0;
		};
		238A4B741D7112130067BCFA /* Embed Foundation Extensions */ = {
			isa = PBXCopyFilesBuildPhase;
			buildActionMask = 2147483647;
			dstPath = "";
			dstSubfolderSpec = 13;
			files = (
			);
			name = "Embed Foundation Extensions";
			runOnlyForDeploymentPostprocessing = 0;
		};
		23C9480129329AB6004177D9 /* Embed Foundation Extensions */ = {
			isa = PBXCopyFilesBuildPhase;
			buildActionMask = 2147483647;
			dstPath = "";
			dstSubfolderSpec = 13;
			files = (
				23748D5E2934EC3900CB38AF /* CkPls WidgetKit ExtensionExtension.appex in Embed Foundation Extensions */,
			);
			name = "Embed Foundation Extensions";
			runOnlyForDeploymentPostprocessing = 0;
		};
/* End PBXCopyFilesBuildPhase section */

/* Begin PBXFileReference section */
		23342EC51D7631E600CF11A9 /* KeypadBehavior.swift */ = {isa = PBXFileReference; fileEncoding = 4; lastKnownFileType = sourcecode.swift; path = KeypadBehavior.swift; sourceTree = "<group>"; };
		23342EC81D7654A600CF11A9 /* TipData.swift */ = {isa = PBXFileReference; fileEncoding = 4; lastKnownFileType = sourcecode.swift; path = TipData.swift; sourceTree = "<group>"; };
		235CDC3D1D2AACC100E15F15 /* TipCalculator.swift */ = {isa = PBXFileReference; fileEncoding = 4; lastKnownFileType = sourcecode.swift; path = TipCalculator.swift; sourceTree = "<group>"; };
		23748D532934EC3700CB38AF /* CkPls WidgetKit ExtensionExtension.appex */ = {isa = PBXFileReference; explicitFileType = "wrapper.app-extension"; includeInIndex = 0; path = "CkPls WidgetKit ExtensionExtension.appex"; sourceTree = BUILT_PRODUCTS_DIR; };
		23748D572934EC3700CB38AF /* CkPls_WidgetKit_Extension.swift */ = {isa = PBXFileReference; lastKnownFileType = sourcecode.swift; path = CkPls_WidgetKit_Extension.swift; sourceTree = "<group>"; };
		23748D592934EC3900CB38AF /* Assets.xcassets */ = {isa = PBXFileReference; lastKnownFileType = folder.assetcatalog; path = Assets.xcassets; sourceTree = "<group>"; };
		23748D5B2934EC3900CB38AF /* Info.plist */ = {isa = PBXFileReference; lastKnownFileType = text.plist.xml; path = Info.plist; sourceTree = "<group>"; };
		238A4B631D7112130067BCFA /* Messages.framework */ = {isa = PBXFileReference; lastKnownFileType = wrapper.framework; name = Messages.framework; path = System/Library/Frameworks/Messages.framework; sourceTree = SDKROOT; };
		238BFE241D2813FE00C8B6E8 /* CkPls.app */ = {isa = PBXFileReference; explicitFileType = wrapper.application; includeInIndex = 0; path = CkPls.app; sourceTree = BUILT_PRODUCTS_DIR; };
		238BFE271D2813FE00C8B6E8 /* AppDelegate.swift */ = {isa = PBXFileReference; lastKnownFileType = sourcecode.swift; path = AppDelegate.swift; sourceTree = "<group>"; };
		238BFE291D2813FE00C8B6E8 /* ViewController.swift */ = {isa = PBXFileReference; lastKnownFileType = sourcecode.swift; path = ViewController.swift; sourceTree = "<group>"; };
		238BFE2C1D2813FE00C8B6E8 /* Base */ = {isa = PBXFileReference; lastKnownFileType = file.storyboard; name = Base; path = Base.lproj/Main.storyboard; sourceTree = "<group>"; };
		238BFE2E1D2813FE00C8B6E8 /* Assets.xcassets */ = {isa = PBXFileReference; lastKnownFileType = folder.assetcatalog; path = Assets.xcassets; sourceTree = "<group>"; };
		238BFE311D2813FE00C8B6E8 /* Base */ = {isa = PBXFileReference; lastKnownFileType = file.storyboard; name = Base; path = Base.lproj/LaunchScreen.storyboard; sourceTree = "<group>"; };
		238BFE331D2813FE00C8B6E8 /* Info.plist */ = {isa = PBXFileReference; lastKnownFileType = text.plist.xml; path = Info.plist; sourceTree = "<group>"; };
		238BFE381D2813FE00C8B6E8 /* CkPls.xctest */ = {isa = PBXFileReference; explicitFileType = wrapper.cfbundle; includeInIndex = 0; path = CkPls.xctest; sourceTree = BUILT_PRODUCTS_DIR; };
		238BFE3C1D2813FE00C8B6E8 /* CheckPleaseTests.swift */ = {isa = PBXFileReference; lastKnownFileType = sourcecode.swift; path = CheckPleaseTests.swift; sourceTree = "<group>"; };
		238BFE3E1D2813FE00C8B6E8 /* Info.plist */ = {isa = PBXFileReference; lastKnownFileType = text.plist.xml; path = Info.plist; sourceTree = "<group>"; };
		23970B621D2D4DB300A67666 /* License.txt */ = {isa = PBXFileReference; fileEncoding = 4; lastKnownFileType = text; path = License.txt; sourceTree = "<group>"; };
		23970B711D2DD7A700A67666 /* ViewBlinker.swift */ = {isa = PBXFileReference; fileEncoding = 4; lastKnownFileType = sourcecode.swift; path = ViewBlinker.swift; sourceTree = "<group>"; };
		23C03E8128E0B75100384C22 /* WidgetKit.framework */ = {isa = PBXFileReference; lastKnownFileType = wrapper.framework; name = WidgetKit.framework; path = System/Library/Frameworks/WidgetKit.framework; sourceTree = SDKROOT; };
		23C03E8328E0B75100384C22 /* SwiftUI.framework */ = {isa = PBXFileReference; lastKnownFileType = wrapper.framework; name = SwiftUI.framework; path = System/Library/Frameworks/SwiftUI.framework; sourceTree = SDKROOT; };
		23C947DD29329516004177D9 /* CkPls Watch App Watch App.app */ = {isa = PBXFileReference; explicitFileType = wrapper.application; includeInIndex = 0; path = "CkPls Watch App Watch App.app"; sourceTree = BUILT_PRODUCTS_DIR; };
		23C947DF29329516004177D9 /* CkPls_Watch_AppApp.swift */ = {isa = PBXFileReference; lastKnownFileType = sourcecode.swift; path = CkPls_Watch_AppApp.swift; sourceTree = "<group>"; };
		23C947E129329516004177D9 /* ContentView.swift */ = {isa = PBXFileReference; lastKnownFileType = sourcecode.swift; path = ContentView.swift; sourceTree = "<group>"; };
		23C947E329329518004177D9 /* Assets.xcassets */ = {isa = PBXFileReference; lastKnownFileType = folder.assetcatalog; path = Assets.xcassets; sourceTree = "<group>"; };
		23C947E629329518004177D9 /* Preview Assets.xcassets */ = {isa = PBXFileReference; lastKnownFileType = folder.assetcatalog; path = "Preview Assets.xcassets"; sourceTree = "<group>"; };
		23C948022932B2DF004177D9 /* ModelData.swift */ = {isa = PBXFileReference; fileEncoding = 4; lastKnownFileType = sourcecode.swift; name = ModelData.swift; path = "Check Please SwiftUI Watch App Watch App/Olde SwiftUI WatchApp Files/ModelData.swift"; sourceTree = SOURCE_ROOT; };
/* End PBXFileReference section */

/* Begin PBXFrameworksBuildPhase section */
		23748D502934EC3700CB38AF /* Frameworks */ = {
			isa = PBXFrameworksBuildPhase;
			buildActionMask = 2147483647;
			files = (
				23748D552934EC3700CB38AF /* SwiftUI.framework in Frameworks */,
				23748D542934EC3700CB38AF /* WidgetKit.framework in Frameworks */,
			);
			runOnlyForDeploymentPostprocessing = 0;
		};
		238BFE211D2813FE00C8B6E8 /* Frameworks */ = {
			isa = PBXFrameworksBuildPhase;
			buildActionMask = 2147483647;
			files = (
			);
			runOnlyForDeploymentPostprocessing = 0;
		};
		238BFE351D2813FE00C8B6E8 /* Frameworks */ = {
			isa = PBXFrameworksBuildPhase;
			buildActionMask = 2147483647;
			files = (
			);
			runOnlyForDeploymentPostprocessing = 0;
		};
		23C947DA29329516004177D9 /* Frameworks */ = {
			isa = PBXFrameworksBuildPhase;
			buildActionMask = 2147483647;
			files = (
			);
			runOnlyForDeploymentPostprocessing = 0;
		};
/* End PBXFrameworksBuildPhase section */

/* Begin PBXGroup section */
		23748D562934EC3700CB38AF /* CkPls WidgetKit Extension */ = {
			isa = PBXGroup;
			children = (
				23748D572934EC3700CB38AF /* CkPls_WidgetKit_Extension.swift */,
				23748D592934EC3900CB38AF /* Assets.xcassets */,
				23748D5B2934EC3900CB38AF /* Info.plist */,
			);
			path = "CkPls WidgetKit Extension";
			sourceTree = "<group>";
		};
		238A4B621D7112130067BCFA /* Frameworks */ = {
			isa = PBXGroup;
			children = (
				238A4B631D7112130067BCFA /* Messages.framework */,
				23C03E8128E0B75100384C22 /* WidgetKit.framework */,
				23C03E8328E0B75100384C22 /* SwiftUI.framework */,
			);
			name = Frameworks;
			sourceTree = "<group>";
		};
		238BFE1B1D2813FE00C8B6E8 = {
			isa = PBXGroup;
			children = (
				23970B621D2D4DB300A67666 /* License.txt */,
				238BFE261D2813FE00C8B6E8 /* CheckPlease */,
				238BFE3B1D2813FE00C8B6E8 /* CheckPleaseTests */,
				23C947DE29329516004177D9 /* CkPls Watch App Watch App */,
				23748D562934EC3700CB38AF /* CkPls WidgetKit Extension */,
				238A4B621D7112130067BCFA /* Frameworks */,
				238BFE251D2813FE00C8B6E8 /* Products */,
			);
			sourceTree = "<group>";
		};
		238BFE251D2813FE00C8B6E8 /* Products */ = {
			isa = PBXGroup;
			children = (
				238BFE241D2813FE00C8B6E8 /* CkPls.app */,
				238BFE381D2813FE00C8B6E8 /* CkPls.xctest */,
				23C947DD29329516004177D9 /* CkPls Watch App Watch App.app */,
				23748D532934EC3700CB38AF /* CkPls WidgetKit ExtensionExtension.appex */,
			);
			name = Products;
			sourceTree = "<group>";
		};
		238BFE261D2813FE00C8B6E8 /* CheckPlease */ = {
			isa = PBXGroup;
			children = (
				238BFE271D2813FE00C8B6E8 /* AppDelegate.swift */,
				238BFE291D2813FE00C8B6E8 /* ViewController.swift */,
				238BFE2B1D2813FE00C8B6E8 /* Main.storyboard */,
				238BFE2E1D2813FE00C8B6E8 /* Assets.xcassets */,
				238BFE301D2813FE00C8B6E8 /* LaunchScreen.storyboard */,
				238BFE331D2813FE00C8B6E8 /* Info.plist */,
				235CDC3D1D2AACC100E15F15 /* TipCalculator.swift */,
				23342EC51D7631E600CF11A9 /* KeypadBehavior.swift */,
				23970B711D2DD7A700A67666 /* ViewBlinker.swift */,
				23342EC81D7654A600CF11A9 /* TipData.swift */,
			);
			path = CheckPlease;
			sourceTree = "<group>";
		};
		238BFE3B1D2813FE00C8B6E8 /* CheckPleaseTests */ = {
			isa = PBXGroup;
			children = (
				238BFE3C1D2813FE00C8B6E8 /* CheckPleaseTests.swift */,
				238BFE3E1D2813FE00C8B6E8 /* Info.plist */,
			);
			path = CheckPleaseTests;
			sourceTree = "<group>";
		};
		23C947DE29329516004177D9 /* CkPls Watch App Watch App */ = {
			isa = PBXGroup;
			children = (
				23C947DF29329516004177D9 /* CkPls_Watch_AppApp.swift */,
				23C947E129329516004177D9 /* ContentView.swift */,
				23C948022932B2DF004177D9 /* ModelData.swift */,
				23C947E329329518004177D9 /* Assets.xcassets */,
				23C947E529329518004177D9 /* Preview Content */,
			);
			path = "CkPls Watch App Watch App";
			sourceTree = "<group>";
		};
		23C947E529329518004177D9 /* Preview Content */ = {
			isa = PBXGroup;
			children = (
				23C947E629329518004177D9 /* Preview Assets.xcassets */,
			);
			path = "Preview Content";
			sourceTree = "<group>";
		};
/* End PBXGroup section */

/* Begin PBXNativeTarget section */
		23748D522934EC3700CB38AF /* CkPls WidgetKit ExtensionExtension */ = {
			isa = PBXNativeTarget;
			buildConfigurationList = 23748D5F2934EC3900CB38AF /* Build configuration list for PBXNativeTarget "CkPls WidgetKit ExtensionExtension" */;
			buildPhases = (
				23748D4F2934EC3700CB38AF /* Sources */,
				23748D502934EC3700CB38AF /* Frameworks */,
				23748D512934EC3700CB38AF /* Resources */,
			);
			buildRules = (
			);
			dependencies = (
			);
			name = "CkPls WidgetKit ExtensionExtension";
			productName = "CkPls WidgetKit ExtensionExtension";
			productReference = 23748D532934EC3700CB38AF /* CkPls WidgetKit ExtensionExtension.appex */;
			productType = "com.apple.product-type.app-extension";
		};
		238BFE231D2813FE00C8B6E8 /* CkPls */ = {
			isa = PBXNativeTarget;
			buildConfigurationList = 238BFE411D2813FE00C8B6E8 /* Build configuration list for PBXNativeTarget "CkPls" */;
			buildPhases = (
				238BFE201D2813FE00C8B6E8 /* Sources */,
				238BFE211D2813FE00C8B6E8 /* Frameworks */,
				238BFE221D2813FE00C8B6E8 /* Resources */,
				235CDC3C1D29794400E15F15 /* Embed Watch Content */,
				238A4B741D7112130067BCFA /* Embed Foundation Extensions */,
			);
			buildRules = (
			);
			dependencies = (
			);
			name = CkPls;
			productName = CheckPlease;
			productReference = 238BFE241D2813FE00C8B6E8 /* CkPls.app */;
			productType = "com.apple.product-type.application";
		};
		238BFE371D2813FE00C8B6E8 /* CkPlsTests */ = {
			isa = PBXNativeTarget;
			buildConfigurationList = 238BFE441D2813FE00C8B6E8 /* Build configuration list for PBXNativeTarget "CkPlsTests" */;
			buildPhases = (
				238BFE341D2813FE00C8B6E8 /* Sources */,
				238BFE351D2813FE00C8B6E8 /* Frameworks */,
				238BFE361D2813FE00C8B6E8 /* Resources */,
			);
			buildRules = (
			);
			dependencies = (
				238BFE3A1D2813FE00C8B6E8 /* PBXTargetDependency */,
			);
			name = CkPlsTests;
			productName = CheckPleaseTests;
			productReference = 238BFE381D2813FE00C8B6E8 /* CkPls.xctest */;
			productType = "com.apple.product-type.bundle.unit-test";
		};
		23C947DC29329516004177D9 /* CkPls Watch App Watch App */ = {
			isa = PBXNativeTarget;
			buildConfigurationList = 23C947E829329518004177D9 /* Build configuration list for PBXNativeTarget "CkPls Watch App Watch App" */;
			buildPhases = (
				23C947D929329516004177D9 /* Sources */,
				23C947DA29329516004177D9 /* Frameworks */,
				23C947DB29329516004177D9 /* Resources */,
				23C9480129329AB6004177D9 /* Embed Foundation Extensions */,
			);
			buildRules = (
			);
			dependencies = (
				23748D5D2934EC3900CB38AF /* PBXTargetDependency */,
			);
			name = "CkPls Watch App Watch App";
			productName = "CkPls Watch App Watch App";
			productReference = 23C947DD29329516004177D9 /* CkPls Watch App Watch App.app */;
			productType = "com.apple.product-type.application";
		};
/* End PBXNativeTarget section */

/* Begin PBXProject section */
		238BFE1C1D2813FE00C8B6E8 /* Project object */ = {
			isa = PBXProject;
			attributes = {
				KnownAssetTags = (
					1,
				);
				LastSwiftUpdateCheck = 1410;
				LastUpgradeCheck = 1400;
				ORGANIZATIONNAME = "Jake Hirzel";
				TargetAttributes = {
					23748D522934EC3700CB38AF = {
						CreatedOnToolsVersion = 14.1;
						DevelopmentTeam = BSAA9W64H3;
						ProvisioningStyle = Automatic;
					};
					238BFE231D2813FE00C8B6E8 = {
						CreatedOnToolsVersion = 7.3.1;
						DevelopmentTeam = BSAA9W64H3;
						LastSwiftMigration = 1120;
						ProvisioningStyle = Automatic;
					};
					238BFE371D2813FE00C8B6E8 = {
						CreatedOnToolsVersion = 7.3.1;
						LastSwiftMigration = 1120;
						TestTargetID = 238BFE231D2813FE00C8B6E8;
					};
					23C947DC29329516004177D9 = {
						CreatedOnToolsVersion = 14.1;
						DevelopmentTeam = BSAA9W64H3;
						ProvisioningStyle = Automatic;
					};
				};
			};
			buildConfigurationList = 238BFE1F1D2813FE00C8B6E8 /* Build configuration list for PBXProject "CkPls" */;
			compatibilityVersion = "Xcode 3.2";
			developmentRegion = en;
			hasScannedForEncodings = 0;
			knownRegions = (
				en,
				Base,
			);
			mainGroup = 238BFE1B1D2813FE00C8B6E8;
			productRefGroup = 238BFE251D2813FE00C8B6E8 /* Products */;
			projectDirPath = "";
			projectRoot = "";
			targets = (
				238BFE231D2813FE00C8B6E8 /* CkPls */,
				238BFE371D2813FE00C8B6E8 /* CkPlsTests */,
				23C947DC29329516004177D9 /* CkPls Watch App Watch App */,
				23748D522934EC3700CB38AF /* CkPls WidgetKit ExtensionExtension */,
			);
		};
/* End PBXProject section */

/* Begin PBXResourcesBuildPhase section */
		23748D512934EC3700CB38AF /* Resources */ = {
			isa = PBXResourcesBuildPhase;
			buildActionMask = 2147483647;
			files = (
				23748D5A2934EC3900CB38AF /* Assets.xcassets in Resources */,
			);
			runOnlyForDeploymentPostprocessing = 0;
		};
		238BFE221D2813FE00C8B6E8 /* Resources */ = {
			isa = PBXResourcesBuildPhase;
			buildActionMask = 2147483647;
			files = (
				23970B631D2D4DB300A67666 /* License.txt in Resources */,
				238BFE321D2813FE00C8B6E8 /* LaunchScreen.storyboard in Resources */,
				238BFE2F1D2813FE00C8B6E8 /* Assets.xcassets in Resources */,
				238BFE2D1D2813FE00C8B6E8 /* Main.storyboard in Resources */,
			);
			runOnlyForDeploymentPostprocessing = 0;
		};
		238BFE361D2813FE00C8B6E8 /* Resources */ = {
			isa = PBXResourcesBuildPhase;
			buildActionMask = 2147483647;
			files = (
			);
			runOnlyForDeploymentPostprocessing = 0;
		};
		23C947DB29329516004177D9 /* Resources */ = {
			isa = PBXResourcesBuildPhase;
			buildActionMask = 2147483647;
			files = (
				23C947E729329518004177D9 /* Preview Assets.xcassets in Resources */,
				23C947E429329518004177D9 /* Assets.xcassets in Resources */,
			);
			runOnlyForDeploymentPostprocessing = 0;
		};
/* End PBXResourcesBuildPhase section */

/* Begin PBXSourcesBuildPhase section */
		23748D4F2934EC3700CB38AF /* Sources */ = {
			isa = PBXSourcesBuildPhase;
			buildActionMask = 2147483647;
			files = (
				23748D582934EC3700CB38AF /* CkPls_WidgetKit_Extension.swift in Sources */,
			);
			runOnlyForDeploymentPostprocessing = 0;
		};
		238BFE201D2813FE00C8B6E8 /* Sources */ = {
			isa = PBXSourcesBuildPhase;
			buildActionMask = 2147483647;
			files = (
				23342EC61D7631E600CF11A9 /* KeypadBehavior.swift in Sources */,
				235CDC3E1D2AACC100E15F15 /* TipCalculator.swift in Sources */,
				238BFE2A1D2813FE00C8B6E8 /* ViewController.swift in Sources */,
				23970B721D2DD7A700A67666 /* ViewBlinker.swift in Sources */,
				238BFE281D2813FE00C8B6E8 /* AppDelegate.swift in Sources */,
				23342EC91D7654A600CF11A9 /* TipData.swift in Sources */,
			);
			runOnlyForDeploymentPostprocessing = 0;
		};
		238BFE341D2813FE00C8B6E8 /* Sources */ = {
			isa = PBXSourcesBuildPhase;
			buildActionMask = 2147483647;
			files = (
				238BFE3D1D2813FE00C8B6E8 /* CheckPleaseTests.swift in Sources */,
			);
			runOnlyForDeploymentPostprocessing = 0;
		};
		23C947D929329516004177D9 /* Sources */ = {
			isa = PBXSourcesBuildPhase;
			buildActionMask = 2147483647;
			files = (
				23C947E229329516004177D9 /* ContentView.swift in Sources */,
				23C948032932B2DF004177D9 /* ModelData.swift in Sources */,
				23C947E029329516004177D9 /* CkPls_Watch_AppApp.swift in Sources */,
				23468E252933FBAE00EFAC3C /* TipCalculator.swift in Sources */,
			);
			runOnlyForDeploymentPostprocessing = 0;
		};
/* End PBXSourcesBuildPhase section */

/* Begin PBXTargetDependency section */
		23748D5D2934EC3900CB38AF /* PBXTargetDependency */ = {
			isa = PBXTargetDependency;
			target = 23748D522934EC3700CB38AF /* CkPls WidgetKit ExtensionExtension */;
			targetProxy = 23748D5C2934EC3900CB38AF /* PBXContainerItemProxy */;
		};
		238BFE3A1D2813FE00C8B6E8 /* PBXTargetDependency */ = {
			isa = PBXTargetDependency;
			target = 238BFE231D2813FE00C8B6E8 /* CkPls */;
			targetProxy = 238BFE391D2813FE00C8B6E8 /* PBXContainerItemProxy */;
		};
/* End PBXTargetDependency section */

/* Begin PBXVariantGroup section */
		238BFE2B1D2813FE00C8B6E8 /* Main.storyboard */ = {
			isa = PBXVariantGroup;
			children = (
				238BFE2C1D2813FE00C8B6E8 /* Base */,
			);
			name = Main.storyboard;
			sourceTree = "<group>";
		};
		238BFE301D2813FE00C8B6E8 /* LaunchScreen.storyboard */ = {
			isa = PBXVariantGroup;
			children = (
				238BFE311D2813FE00C8B6E8 /* Base */,
			);
			name = LaunchScreen.storyboard;
			sourceTree = "<group>";
		};
/* End PBXVariantGroup section */

/* Begin XCBuildConfiguration section */
		23748D602934EC3900CB38AF /* Debug */ = {
			isa = XCBuildConfiguration;
			buildSettings = {
				ASSETCATALOG_COMPILER_GLOBAL_ACCENT_COLOR_NAME = AccentColor;
				ASSETCATALOG_COMPILER_WIDGET_BACKGROUND_COLOR_NAME = WidgetBackground;
				CLANG_ANALYZER_NUMBER_OBJECT_CONVERSION = YES_AGGRESSIVE;
				CLANG_CXX_LANGUAGE_STANDARD = "gnu++20";
				CLANG_ENABLE_OBJC_WEAK = YES;
				CLANG_WARN_DOCUMENTATION_COMMENTS = YES;
				CLANG_WARN_UNGUARDED_AVAILABILITY = YES_AGGRESSIVE;
				CODE_SIGN_STYLE = Automatic;
				CURRENT_PROJECT_VERSION = 2;
				DEVELOPMENT_TEAM = BSAA9W64H3;
				GCC_C_LANGUAGE_STANDARD = gnu11;
				GENERATE_INFOPLIST_FILE = YES;
				INFOPLIST_FILE = "CkPls WidgetKit Extension/Info.plist";
				INFOPLIST_KEY_CFBundleDisplayName = "CkPls WidgetKit Extension";
				INFOPLIST_KEY_NSHumanReadableCopyright = "Copyright © 2022 Jake Hirzel. All rights reserved.";
				LD_RUNPATH_SEARCH_PATHS = "$(inherited) @executable_path/Frameworks @executable_path/../../Frameworks @executable_path/../../../../Frameworks";
				MARKETING_VERSION = 1.0;
				MTL_ENABLE_DEBUG_INFO = INCLUDE_SOURCE;
				MTL_FAST_MATH = YES;
				PRODUCT_BUNDLE_IDENTIFIER = ".watchkitapp.CkPls-WidgetKit-Extension";
				PRODUCT_NAME = "$(TARGET_NAME)";
				SDKROOT = watchos;
				SKIP_INSTALL = YES;
				SWIFT_ACTIVE_COMPILATION_CONDITIONS = DEBUG;
				SWIFT_EMIT_LOC_STRINGS = YES;
				SWIFT_VERSION = 5.0;
				TARGETED_DEVICE_FAMILY = 4;
				WATCHOS_DEPLOYMENT_TARGET = 9.1;
			};
			name = Debug;
		};
		23748D612934EC3900CB38AF /* Release */ = {
			isa = XCBuildConfiguration;
			buildSettings = {
				ASSETCATALOG_COMPILER_GLOBAL_ACCENT_COLOR_NAME = AccentColor;
				ASSETCATALOG_COMPILER_WIDGET_BACKGROUND_COLOR_NAME = WidgetBackground;
				CLANG_ANALYZER_NUMBER_OBJECT_CONVERSION = YES_AGGRESSIVE;
				CLANG_CXX_LANGUAGE_STANDARD = "gnu++20";
				CLANG_ENABLE_OBJC_WEAK = YES;
				CLANG_WARN_DOCUMENTATION_COMMENTS = YES;
				CLANG_WARN_UNGUARDED_AVAILABILITY = YES_AGGRESSIVE;
				CODE_SIGN_STYLE = Automatic;
				CURRENT_PROJECT_VERSION = 2;
				DEVELOPMENT_TEAM = BSAA9W64H3;
				GCC_C_LANGUAGE_STANDARD = gnu11;
				GENERATE_INFOPLIST_FILE = YES;
				INFOPLIST_FILE = "CkPls WidgetKit Extension/Info.plist";
				INFOPLIST_KEY_CFBundleDisplayName = "CkPls WidgetKit Extension";
				INFOPLIST_KEY_NSHumanReadableCopyright = "Copyright © 2022 Jake Hirzel. All rights reserved.";
				LD_RUNPATH_SEARCH_PATHS = "$(inherited) @executable_path/Frameworks @executable_path/../../Frameworks @executable_path/../../../../Frameworks";
				MARKETING_VERSION = 1.0;
				MTL_FAST_MATH = YES;
				PRODUCT_BUNDLE_IDENTIFIER = ".watchkitapp.CkPls-WidgetKit-Extension";
				PRODUCT_NAME = "$(TARGET_NAME)";
				SDKROOT = watchos;
				SKIP_INSTALL = YES;
				SWIFT_EMIT_LOC_STRINGS = YES;
				SWIFT_VERSION = 5.0;
				TARGETED_DEVICE_FAMILY = 4;
				WATCHOS_DEPLOYMENT_TARGET = 9.1;
			};
			name = Release;
		};
		238BFE3F1D2813FE00C8B6E8 /* Debug */ = {
			isa = XCBuildConfiguration;
			buildSettings = {
				ALWAYS_SEARCH_USER_PATHS = NO;
				CLANG_ANALYZER_LOCALIZABILITY_NONLOCALIZED = YES;
				CLANG_ANALYZER_NONNULL = YES;
				CLANG_CXX_LANGUAGE_STANDARD = "gnu++0x";
				CLANG_CXX_LIBRARY = "libc++";
				CLANG_ENABLE_MODULES = YES;
				CLANG_ENABLE_OBJC_ARC = YES;
				CLANG_WARN_BLOCK_CAPTURE_AUTORELEASING = YES;
				CLANG_WARN_BOOL_CONVERSION = YES;
				CLANG_WARN_COMMA = YES;
				CLANG_WARN_CONSTANT_CONVERSION = YES;
				CLANG_WARN_DEPRECATED_OBJC_IMPLEMENTATIONS = YES;
				CLANG_WARN_DIRECT_OBJC_ISA_USAGE = YES_ERROR;
				CLANG_WARN_EMPTY_BODY = YES;
				CLANG_WARN_ENUM_CONVERSION = YES;
				CLANG_WARN_INFINITE_RECURSION = YES;
				CLANG_WARN_INT_CONVERSION = YES;
				CLANG_WARN_NON_LITERAL_NULL_CONVERSION = YES;
				CLANG_WARN_OBJC_IMPLICIT_RETAIN_SELF = YES;
				CLANG_WARN_OBJC_LITERAL_CONVERSION = YES;
				CLANG_WARN_OBJC_ROOT_CLASS = YES_ERROR;
				CLANG_WARN_QUOTED_INCLUDE_IN_FRAMEWORK_HEADER = YES;
				CLANG_WARN_RANGE_LOOP_ANALYSIS = YES;
				CLANG_WARN_STRICT_PROTOTYPES = YES;
				CLANG_WARN_SUSPICIOUS_MOVE = YES;
				CLANG_WARN_UNREACHABLE_CODE = YES;
				CLANG_WARN__DUPLICATE_METHOD_MATCH = YES;
				CODE_SIGN_IDENTITY = "iPhone Developer";
				"CODE_SIGN_IDENTITY[sdk=iphoneos*]" = "iPhone Developer";
				COPY_PHASE_STRIP = NO;
				DEBUG_INFORMATION_FORMAT = dwarf;
				ENABLE_STRICT_OBJC_MSGSEND = YES;
				ENABLE_TESTABILITY = YES;
				GCC_C_LANGUAGE_STANDARD = gnu99;
				GCC_DYNAMIC_NO_PIC = NO;
				GCC_NO_COMMON_BLOCKS = YES;
				GCC_OPTIMIZATION_LEVEL = 0;
				GCC_PREPROCESSOR_DEFINITIONS = (
					"DEBUG=1",
					"$(inherited)",
				);
				GCC_WARN_64_TO_32_BIT_CONVERSION = YES;
				GCC_WARN_ABOUT_RETURN_TYPE = YES_ERROR;
				GCC_WARN_UNDECLARED_SELECTOR = YES;
				GCC_WARN_UNINITIALIZED_AUTOS = YES_AGGRESSIVE;
				GCC_WARN_UNUSED_FUNCTION = YES;
				GCC_WARN_UNUSED_VARIABLE = YES;
				IPHONEOS_DEPLOYMENT_TARGET = 12.0;
				MTL_ENABLE_DEBUG_INFO = YES;
				ONLY_ACTIVE_ARCH = YES;
				SDKROOT = iphoneos;
				SWIFT_OPTIMIZATION_LEVEL = "-Onone";
				TARGETED_DEVICE_FAMILY = "1,2";
				WATCHOS_DEPLOYMENT_TARGET = 9.1;
			};
			name = Debug;
		};
		238BFE401D2813FE00C8B6E8 /* Release */ = {
			isa = XCBuildConfiguration;
			buildSettings = {
				ALWAYS_SEARCH_USER_PATHS = NO;
				CLANG_ANALYZER_LOCALIZABILITY_NONLOCALIZED = YES;
				CLANG_ANALYZER_NONNULL = YES;
				CLANG_CXX_LANGUAGE_STANDARD = "gnu++0x";
				CLANG_CXX_LIBRARY = "libc++";
				CLANG_ENABLE_MODULES = YES;
				CLANG_ENABLE_OBJC_ARC = YES;
				CLANG_WARN_BLOCK_CAPTURE_AUTORELEASING = YES;
				CLANG_WARN_BOOL_CONVERSION = YES;
				CLANG_WARN_COMMA = YES;
				CLANG_WARN_CONSTANT_CONVERSION = YES;
				CLANG_WARN_DEPRECATED_OBJC_IMPLEMENTATIONS = YES;
				CLANG_WARN_DIRECT_OBJC_ISA_USAGE = YES_ERROR;
				CLANG_WARN_EMPTY_BODY = YES;
				CLANG_WARN_ENUM_CONVERSION = YES;
				CLANG_WARN_INFINITE_RECURSION = YES;
				CLANG_WARN_INT_CONVERSION = YES;
				CLANG_WARN_NON_LITERAL_NULL_CONVERSION = YES;
				CLANG_WARN_OBJC_IMPLICIT_RETAIN_SELF = YES;
				CLANG_WARN_OBJC_LITERAL_CONVERSION = YES;
				CLANG_WARN_OBJC_ROOT_CLASS = YES_ERROR;
				CLANG_WARN_QUOTED_INCLUDE_IN_FRAMEWORK_HEADER = YES;
				CLANG_WARN_RANGE_LOOP_ANALYSIS = YES;
				CLANG_WARN_STRICT_PROTOTYPES = YES;
				CLANG_WARN_SUSPICIOUS_MOVE = YES;
				CLANG_WARN_UNREACHABLE_CODE = YES;
				CLANG_WARN__DUPLICATE_METHOD_MATCH = YES;
				CODE_SIGN_IDENTITY = "iPhone Developer";
				"CODE_SIGN_IDENTITY[sdk=iphoneos*]" = "iPhone Developer";
				COPY_PHASE_STRIP = NO;
				DEBUG_INFORMATION_FORMAT = "dwarf-with-dsym";
				ENABLE_NS_ASSERTIONS = NO;
				ENABLE_STRICT_OBJC_MSGSEND = YES;
				GCC_C_LANGUAGE_STANDARD = gnu99;
				GCC_NO_COMMON_BLOCKS = YES;
				GCC_WARN_64_TO_32_BIT_CONVERSION = YES;
				GCC_WARN_ABOUT_RETURN_TYPE = YES_ERROR;
				GCC_WARN_UNDECLARED_SELECTOR = YES;
				GCC_WARN_UNINITIALIZED_AUTOS = YES_AGGRESSIVE;
				GCC_WARN_UNUSED_FUNCTION = YES;
				GCC_WARN_UNUSED_VARIABLE = YES;
				IPHONEOS_DEPLOYMENT_TARGET = 12.0;
				MTL_ENABLE_DEBUG_INFO = NO;
				SDKROOT = iphoneos;
				SWIFT_OPTIMIZATION_LEVEL = "-Owholemodule";
				TARGETED_DEVICE_FAMILY = "1,2";
				VALIDATE_PRODUCT = YES;
				WATCHOS_DEPLOYMENT_TARGET = 9.1;
			};
			name = Release;
		};
		238BFE421D2813FE00C8B6E8 /* Debug */ = {
			isa = XCBuildConfiguration;
			buildSettings = {
				ALWAYS_EMBED_SWIFT_STANDARD_LIBRARIES = YES;
				ASSETCATALOG_COMPILER_APPICON_NAME = AppIcon;
				CODE_SIGN_IDENTITY = "Apple Development";
				"CODE_SIGN_IDENTITY[sdk=iphoneos*]" = "iPhone Developer";
				CODE_SIGN_STYLE = Automatic;
				CURRENT_PROJECT_VERSION = 2;
				DEVELOPMENT_TEAM = BSAA9W64H3;
				INFOPLIST_FILE = CheckPlease/Info.plist;
				IPHONEOS_DEPLOYMENT_TARGET = 13.0;
				LD_RUNPATH_SEARCH_PATHS = "$(inherited) @executable_path/Frameworks";
				MARKETING_VERSION = 2.2;
				PRODUCT_BUNDLE_IDENTIFIER = com.jakehirzel.CkPls;
				PRODUCT_NAME = CkPls;
				PROVISIONING_PROFILE = "";
				PROVISIONING_PROFILE_SPECIFIER = "";
				SWIFT_SWIFT3_OBJC_INFERENCE = Default;
				SWIFT_VERSION = 5.0;
			};
			name = Debug;
		};
		238BFE431D2813FE00C8B6E8 /* Release */ = {
			isa = XCBuildConfiguration;
			buildSettings = {
				ALWAYS_EMBED_SWIFT_STANDARD_LIBRARIES = YES;
				ASSETCATALOG_COMPILER_APPICON_NAME = AppIcon;
				CODE_SIGN_IDENTITY = "Apple Development";
				"CODE_SIGN_IDENTITY[sdk=iphoneos*]" = "iPhone Developer";
				CODE_SIGN_STYLE = Automatic;
				CURRENT_PROJECT_VERSION = 2;
				DEVELOPMENT_TEAM = BSAA9W64H3;
				INFOPLIST_FILE = CheckPlease/Info.plist;
				IPHONEOS_DEPLOYMENT_TARGET = 13.0;
				LD_RUNPATH_SEARCH_PATHS = "$(inherited) @executable_path/Frameworks";
				MARKETING_VERSION = 2.2;
				PRODUCT_BUNDLE_IDENTIFIER = com.jakehirzel.CkPls;
				PRODUCT_NAME = CkPls;
				PROVISIONING_PROFILE = "";
				PROVISIONING_PROFILE_SPECIFIER = "";
				SWIFT_SWIFT3_OBJC_INFERENCE = Default;
				SWIFT_VERSION = 5.0;
			};
			name = Release;
		};
		238BFE451D2813FE00C8B6E8 /* Debug */ = {
			isa = XCBuildConfiguration;
			buildSettings = {
				BUNDLE_LOADER = "$(TEST_HOST)";
				INFOPLIST_FILE = CheckPleaseTests/Info.plist;
				LD_RUNPATH_SEARCH_PATHS = "$(inherited) @executable_path/Frameworks @loader_path/Frameworks";
				PRODUCT_BUNDLE_IDENTIFIER = com.example.CheckPleaseTests;
				PRODUCT_NAME = CkPls;
				SWIFT_SWIFT3_OBJC_INFERENCE = Default;
				SWIFT_VERSION = 5.0;
				TEST_HOST = "$(BUILT_PRODUCTS_DIR)/CkPls.app/CkPls";
			};
			name = Debug;
		};
		238BFE461D2813FE00C8B6E8 /* Release */ = {
			isa = XCBuildConfiguration;
			buildSettings = {
				BUNDLE_LOADER = "$(TEST_HOST)";
				INFOPLIST_FILE = CheckPleaseTests/Info.plist;
				LD_RUNPATH_SEARCH_PATHS = "$(inherited) @executable_path/Frameworks @loader_path/Frameworks";
				PRODUCT_BUNDLE_IDENTIFIER = com.example.CheckPleaseTests;
				PRODUCT_NAME = CkPls;
				SWIFT_SWIFT3_OBJC_INFERENCE = Default;
				SWIFT_VERSION = 5.0;
				TEST_HOST = "$(BUILT_PRODUCTS_DIR)/CkPls.app/CkPls";
			};
			name = Release;
		};
		23C947E929329518004177D9 /* Debug */ = {
			isa = XCBuildConfiguration;
			buildSettings = {
				ALWAYS_EMBED_SWIFT_STANDARD_LIBRARIES = YES;
				ASSETCATALOG_COMPILER_APPICON_NAME = AppIcon;
				ASSETCATALOG_COMPILER_GLOBAL_ACCENT_COLOR_NAME = AccentColor;
				CLANG_ANALYZER_NUMBER_OBJECT_CONVERSION = YES_AGGRESSIVE;
				CLANG_CXX_LANGUAGE_STANDARD = "gnu++20";
				CLANG_ENABLE_OBJC_WEAK = YES;
				CLANG_WARN_DOCUMENTATION_COMMENTS = YES;
				CLANG_WARN_UNGUARDED_AVAILABILITY = YES_AGGRESSIVE;
				CODE_SIGN_STYLE = Automatic;
				CURRENT_PROJECT_VERSION = 2;
				DEVELOPMENT_ASSET_PATHS = "\"CkPls Watch App Watch App/Preview Content\"";
				DEVELOPMENT_TEAM = BSAA9W64H3;
				ENABLE_PREVIEWS = YES;
				GCC_C_LANGUAGE_STANDARD = gnu11;
				GENERATE_INFOPLIST_FILE = YES;
				INFOPLIST_KEY_CFBundleDisplayName = "CkPls Watch App";
				INFOPLIST_KEY_UISupportedInterfaceOrientations = "UIInterfaceOrientationPortrait UIInterfaceOrientationPortraitUpsideDown";
				INFOPLIST_KEY_WKCompanionAppBundleIdentifier = "";
				INFOPLIST_KEY_WKRunsIndependentlyOfCompanionApp = YES;
				LD_RUNPATH_SEARCH_PATHS = "$(inherited) @executable_path/Frameworks";
				MARKETING_VERSION = 1.0;
				MTL_ENABLE_DEBUG_INFO = INCLUDE_SOURCE;
				MTL_FAST_MATH = YES;
				PRODUCT_BUNDLE_IDENTIFIER = .watchkitapp;
				PRODUCT_NAME = "$(TARGET_NAME)";
				SDKROOT = watchos;
				SKIP_INSTALL = YES;
				SWIFT_ACTIVE_COMPILATION_CONDITIONS = DEBUG;
				SWIFT_EMIT_LOC_STRINGS = YES;
				SWIFT_VERSION = 5.0;
				TARGETED_DEVICE_FAMILY = 4;
				WATCHOS_DEPLOYMENT_TARGET = 9.1;
			};
			name = Debug;
		};
		23C947EA29329518004177D9 /* Release */ = {
			isa = XCBuildConfiguration;
			buildSettings = {
				ALWAYS_EMBED_SWIFT_STANDARD_LIBRARIES = YES;
				ASSETCATALOG_COMPILER_APPICON_NAME = AppIcon;
				ASSETCATALOG_COMPILER_GLOBAL_ACCENT_COLOR_NAME = AccentColor;
				CLANG_ANALYZER_NUMBER_OBJECT_CONVERSION = YES_AGGRESSIVE;
				CLANG_CXX_LANGUAGE_STANDARD = "gnu++20";
				CLANG_ENABLE_OBJC_WEAK = YES;
				CLANG_WARN_DOCUMENTATION_COMMENTS = YES;
				CLANG_WARN_UNGUARDED_AVAILABILITY = YES_AGGRESSIVE;
				CODE_SIGN_STYLE = Automatic;
				CURRENT_PROJECT_VERSION = 2;
				DEVELOPMENT_ASSET_PATHS = "\"CkPls Watch App Watch App/Preview Content\"";
				DEVELOPMENT_TEAM = BSAA9W64H3;
				ENABLE_PREVIEWS = YES;
				GCC_C_LANGUAGE_STANDARD = gnu11;
				GENERATE_INFOPLIST_FILE = YES;
				INFOPLIST_KEY_CFBundleDisplayName = "CkPls Watch App";
				INFOPLIST_KEY_UISupportedInterfaceOrientations = "UIInterfaceOrientationPortrait UIInterfaceOrientationPortraitUpsideDown";
				INFOPLIST_KEY_WKCompanionAppBundleIdentifier = "";
				INFOPLIST_KEY_WKRunsIndependentlyOfCompanionApp = YES;
				LD_RUNPATH_SEARCH_PATHS = "$(inherited) @executable_path/Frameworks";
				MARKETING_VERSION = 1.0;
				MTL_FAST_MATH = YES;
				PRODUCT_BUNDLE_IDENTIFIER = .watchkitapp;
				PRODUCT_NAME = "$(TARGET_NAME)";
				SDKROOT = watchos;
				SKIP_INSTALL = YES;
				SWIFT_EMIT_LOC_STRINGS = YES;
				SWIFT_VERSION = 5.0;
				TARGETED_DEVICE_FAMILY = 4;
				WATCHOS_DEPLOYMENT_TARGET = 9.1;
			};
			name = Release;
		};
/* End XCBuildConfiguration section */

/* Begin XCConfigurationList section */
		23748D5F2934EC3900CB38AF /* Build configuration list for PBXNativeTarget "CkPls WidgetKit ExtensionExtension" */ = {
			isa = XCConfigurationList;
			buildConfigurations = (
				23748D602934EC3900CB38AF /* Debug */,
				23748D612934EC3900CB38AF /* Release */,
			);
			defaultConfigurationIsVisible = 0;
			defaultConfigurationName = Release;
		};
		238BFE1F1D2813FE00C8B6E8 /* Build configuration list for PBXProject "CkPls" */ = {
			isa = XCConfigurationList;
			buildConfigurations = (
				238BFE3F1D2813FE00C8B6E8 /* Debug */,
				238BFE401D2813FE00C8B6E8 /* Release */,
			);
			defaultConfigurationIsVisible = 0;
			defaultConfigurationName = Release;
		};
		238BFE411D2813FE00C8B6E8 /* Build configuration list for PBXNativeTarget "CkPls" */ = {
			isa = XCConfigurationList;
			buildConfigurations = (
				238BFE421D2813FE00C8B6E8 /* Debug */,
				238BFE431D2813FE00C8B6E8 /* Release */,
			);
			defaultConfigurationIsVisible = 0;
			defaultConfigurationName = Release;
		};
		238BFE441D2813FE00C8B6E8 /* Build configuration list for PBXNativeTarget "CkPlsTests" */ = {
			isa = XCConfigurationList;
			buildConfigurations = (
				238BFE451D2813FE00C8B6E8 /* Debug */,
				238BFE461D2813FE00C8B6E8 /* Release */,
			);
			defaultConfigurationIsVisible = 0;
			defaultConfigurationName = Release;
		};
		23C947E829329518004177D9 /* Build configuration list for PBXNativeTarget "CkPls Watch App Watch App" */ = {
			isa = XCConfigurationList;
			buildConfigurations = (
				23C947E929329518004177D9 /* Debug */,
				23C947EA29329518004177D9 /* Release */,
			);
			defaultConfigurationIsVisible = 0;
			defaultConfigurationName = Release;
		};
/* End XCConfigurationList section */
	};
	rootObject = 238BFE1C1D2813FE00C8B6E8 /* Project object */;
}
