// !$*UTF8*$!
{
	archiveVersion = 1;
	classes = {
	};
	objectVersion = 46;
	objects = {

/* Begin PBXBuildFile section */
		23342EBB1D75DDB700CF11A9 /* ViewBlinker.swift in Sources */ = {isa = PBXBuildFile; fileRef = 23970B711D2DD7A700A67666 /* ViewBlinker.swift */; };
		23342EBF1D76289300CF11A9 /* CompactViewController.swift in Sources */ = {isa = PBXBuildFile; fileRef = 23342EBE1D76289300CF11A9 /* CompactViewController.swift */; };
		23342EC31D762DEA00CF11A9 /* ExpandedViewController.swift in Sources */ = {isa = PBXBuildFile; fileRef = 23342EC21D762DEA00CF11A9 /* ExpandedViewController.swift */; };
		23342EC41D7630F900CF11A9 /* TipCalculator.swift in Sources */ = {isa = PBXBuildFile; fileRef = 235CDC3D1D2AACC100E15F15 /* TipCalculator.swift */; };
		23342EC61D7631E600CF11A9 /* KeypadBehavior.swift in Sources */ = {isa = PBXBuildFile; fileRef = 23342EC51D7631E600CF11A9 /* KeypadBehavior.swift */; };
		23342EC71D7631E600CF11A9 /* KeypadBehavior.swift in Sources */ = {isa = PBXBuildFile; fileRef = 23342EC51D7631E600CF11A9 /* KeypadBehavior.swift */; };
		23342EC91D7654A600CF11A9 /* TipData.swift in Sources */ = {isa = PBXBuildFile; fileRef = 23342EC81D7654A600CF11A9 /* TipData.swift */; };
		23342ECA1D7654A600CF11A9 /* TipData.swift in Sources */ = {isa = PBXBuildFile; fileRef = 23342EC81D7654A600CF11A9 /* TipData.swift */; };
		235CDC1C1D29794300E15F15 /* Interface.storyboard in Resources */ = {isa = PBXBuildFile; fileRef = 235CDC1A1D29794300E15F15 /* Interface.storyboard */; };
		235CDC1E1D29794300E15F15 /* Assets.xcassets in Resources */ = {isa = PBXBuildFile; fileRef = 235CDC1D1D29794300E15F15 /* Assets.xcassets */; };
		235CDC251D29794300E15F15 /* CkPls.appex in Embed App Extensions */ = {isa = PBXBuildFile; fileRef = 235CDC241D29794300E15F15 /* CkPls.appex */; settings = {ATTRIBUTES = (RemoveHeadersOnCopy, ); }; };
		235CDC2A1D29794300E15F15 /* InterfaceController.swift in Sources */ = {isa = PBXBuildFile; fileRef = 235CDC291D29794300E15F15 /* InterfaceController.swift */; };
		235CDC2C1D29794300E15F15 /* ExtensionDelegate.swift in Sources */ = {isa = PBXBuildFile; fileRef = 235CDC2B1D29794300E15F15 /* ExtensionDelegate.swift */; };
		235CDC2E1D29794300E15F15 /* ComplicationController.swift in Sources */ = {isa = PBXBuildFile; fileRef = 235CDC2D1D29794300E15F15 /* ComplicationController.swift */; };
		235CDC301D29794300E15F15 /* Assets.xcassets in Resources */ = {isa = PBXBuildFile; fileRef = 235CDC2F1D29794300E15F15 /* Assets.xcassets */; };
		235CDC341D29794300E15F15 /* CkPls.app in Embed Watch Content */ = {isa = PBXBuildFile; fileRef = 235CDC181D29794300E15F15 /* CkPls.app */; };
		235CDC3E1D2AACC100E15F15 /* TipCalculator.swift in Sources */ = {isa = PBXBuildFile; fileRef = 235CDC3D1D2AACC100E15F15 /* TipCalculator.swift */; };
		235CDC3F1D2AACC100E15F15 /* TipCalculator.swift in Sources */ = {isa = PBXBuildFile; fileRef = 235CDC3D1D2AACC100E15F15 /* TipCalculator.swift */; };
		238A4B641D7112130067BCFA /* Messages.framework in Frameworks */ = {isa = PBXBuildFile; fileRef = 238A4B631D7112130067BCFA /* Messages.framework */; };
		238A4B671D7112130067BCFA /* MessagesViewController.swift in Sources */ = {isa = PBXBuildFile; fileRef = 238A4B661D7112130067BCFA /* MessagesViewController.swift */; };
		238A4B6A1D7112130067BCFA /* MainInterface.storyboard in Resources */ = {isa = PBXBuildFile; fileRef = 238A4B681D7112130067BCFA /* MainInterface.storyboard */; };
		238BFE281D2813FE00C8B6E8 /* AppDelegate.swift in Sources */ = {isa = PBXBuildFile; fileRef = 238BFE271D2813FE00C8B6E8 /* AppDelegate.swift */; };
		238BFE2A1D2813FE00C8B6E8 /* ViewController.swift in Sources */ = {isa = PBXBuildFile; fileRef = 238BFE291D2813FE00C8B6E8 /* ViewController.swift */; };
		238BFE2D1D2813FE00C8B6E8 /* Main.storyboard in Resources */ = {isa = PBXBuildFile; fileRef = 238BFE2B1D2813FE00C8B6E8 /* Main.storyboard */; };
		238BFE2F1D2813FE00C8B6E8 /* Assets.xcassets in Resources */ = {isa = PBXBuildFile; fileRef = 238BFE2E1D2813FE00C8B6E8 /* Assets.xcassets */; };
		238BFE321D2813FE00C8B6E8 /* LaunchScreen.storyboard in Resources */ = {isa = PBXBuildFile; fileRef = 238BFE301D2813FE00C8B6E8 /* LaunchScreen.storyboard */; };
		238BFE3D1D2813FE00C8B6E8 /* CheckPleaseTests.swift in Sources */ = {isa = PBXBuildFile; fileRef = 238BFE3C1D2813FE00C8B6E8 /* CheckPleaseTests.swift */; };
		23970B631D2D4DB300A67666 /* License.txt in Resources */ = {isa = PBXBuildFile; fileRef = 23970B621D2D4DB300A67666 /* License.txt */; };
		23970B641D2D4DB300A67666 /* License.txt in Resources */ = {isa = PBXBuildFile; fileRef = 23970B621D2D4DB300A67666 /* License.txt */; };
		23970B651D2D4DB300A67666 /* License.txt in Resources */ = {isa = PBXBuildFile; fileRef = 23970B621D2D4DB300A67666 /* License.txt */; };
		23970B721D2DD7A700A67666 /* ViewBlinker.swift in Sources */ = {isa = PBXBuildFile; fileRef = 23970B711D2DD7A700A67666 /* ViewBlinker.swift */; };
		23C8BBE9236E1D530037F933 /* iMessageAssets.xcassets in Resources */ = {isa = PBXBuildFile; fileRef = 238A4B6B1D7112130067BCFA /* iMessageAssets.xcassets */; };
/* End PBXBuildFile section */

/* Begin PBXContainerItemProxy section */
		235CDC261D29794300E15F15 /* PBXContainerItemProxy */ = {
			isa = PBXContainerItemProxy;
			containerPortal = 238BFE1C1D2813FE00C8B6E8 /* Project object */;
			proxyType = 1;
			remoteGlobalIDString = 235CDC231D29794300E15F15;
			remoteInfo = "CheckPlease WatchKit App Extension";
		};
		235CDC321D29794300E15F15 /* PBXContainerItemProxy */ = {
			isa = PBXContainerItemProxy;
			containerPortal = 238BFE1C1D2813FE00C8B6E8 /* Project object */;
			proxyType = 1;
			remoteGlobalIDString = 235CDC171D29794300E15F15;
			remoteInfo = "CheckPlease WatchKit App";
		};
		238BFE391D2813FE00C8B6E8 /* PBXContainerItemProxy */ = {
			isa = PBXContainerItemProxy;
			containerPortal = 238BFE1C1D2813FE00C8B6E8 /* Project object */;
			proxyType = 1;
			remoteGlobalIDString = 238BFE231D2813FE00C8B6E8;
			remoteInfo = CheckPlease;
		};
/* End PBXContainerItemProxy section */

/* Begin PBXCopyFilesBuildPhase section */
		235CDC381D29794400E15F15 /* Embed App Extensions */ = {
			isa = PBXCopyFilesBuildPhase;
			buildActionMask = 2147483647;
			dstPath = "";
			dstSubfolderSpec = 13;
			files = (
				235CDC251D29794300E15F15 /* CkPls.appex in Embed App Extensions */,
			);
			name = "Embed App Extensions";
			runOnlyForDeploymentPostprocessing = 0;
		};
		235CDC3C1D29794400E15F15 /* Embed Watch Content */ = {
			isa = PBXCopyFilesBuildPhase;
			buildActionMask = 2147483647;
			dstPath = "$(CONTENTS_FOLDER_PATH)/Watch";
			dstSubfolderSpec = 16;
			files = (
				235CDC341D29794300E15F15 /* CkPls.app in Embed Watch Content */,
			);
			name = "Embed Watch Content";
			runOnlyForDeploymentPostprocessing = 0;
		};
		238A4B741D7112130067BCFA /* Embed App Extensions */ = {
			isa = PBXCopyFilesBuildPhase;
			buildActionMask = 2147483647;
			dstPath = "";
			dstSubfolderSpec = 13;
			files = (
			);
			name = "Embed App Extensions";
			runOnlyForDeploymentPostprocessing = 0;
		};
/* End PBXCopyFilesBuildPhase section */

/* Begin PBXFileReference section */
		23342EBE1D76289300CF11A9 /* CompactViewController.swift */ = {isa = PBXFileReference; fileEncoding = 4; lastKnownFileType = sourcecode.swift; path = CompactViewController.swift; sourceTree = "<group>"; };
		23342EC21D762DEA00CF11A9 /* ExpandedViewController.swift */ = {isa = PBXFileReference; fileEncoding = 4; lastKnownFileType = sourcecode.swift; path = ExpandedViewController.swift; sourceTree = "<group>"; };
		23342EC51D7631E600CF11A9 /* KeypadBehavior.swift */ = {isa = PBXFileReference; fileEncoding = 4; lastKnownFileType = sourcecode.swift; path = KeypadBehavior.swift; sourceTree = "<group>"; };
		23342EC81D7654A600CF11A9 /* TipData.swift */ = {isa = PBXFileReference; fileEncoding = 4; lastKnownFileType = sourcecode.swift; path = TipData.swift; sourceTree = "<group>"; };
		235CDC181D29794300E15F15 /* CkPls.app */ = {isa = PBXFileReference; explicitFileType = wrapper.application; includeInIndex = 0; path = CkPls.app; sourceTree = BUILT_PRODUCTS_DIR; };
		235CDC1B1D29794300E15F15 /* Base */ = {isa = PBXFileReference; lastKnownFileType = file.storyboard; name = Base; path = Base.lproj/Interface.storyboard; sourceTree = "<group>"; };
		235CDC1D1D29794300E15F15 /* Assets.xcassets */ = {isa = PBXFileReference; lastKnownFileType = folder.assetcatalog; path = Assets.xcassets; sourceTree = "<group>"; };
		235CDC1F1D29794300E15F15 /* Info.plist */ = {isa = PBXFileReference; lastKnownFileType = text.plist.xml; path = Info.plist; sourceTree = "<group>"; };
		235CDC241D29794300E15F15 /* CkPls.appex */ = {isa = PBXFileReference; explicitFileType = "wrapper.app-extension"; includeInIndex = 0; path = CkPls.appex; sourceTree = BUILT_PRODUCTS_DIR; };
		235CDC291D29794300E15F15 /* InterfaceController.swift */ = {isa = PBXFileReference; lastKnownFileType = sourcecode.swift; path = InterfaceController.swift; sourceTree = "<group>"; };
		235CDC2B1D29794300E15F15 /* ExtensionDelegate.swift */ = {isa = PBXFileReference; lastKnownFileType = sourcecode.swift; path = ExtensionDelegate.swift; sourceTree = "<group>"; };
		235CDC2D1D29794300E15F15 /* ComplicationController.swift */ = {isa = PBXFileReference; lastKnownFileType = sourcecode.swift; path = ComplicationController.swift; sourceTree = "<group>"; };
		235CDC2F1D29794300E15F15 /* Assets.xcassets */ = {isa = PBXFileReference; lastKnownFileType = folder.assetcatalog; path = Assets.xcassets; sourceTree = "<group>"; };
		235CDC311D29794300E15F15 /* Info.plist */ = {isa = PBXFileReference; lastKnownFileType = text.plist.xml; path = Info.plist; sourceTree = "<group>"; };
		235CDC3D1D2AACC100E15F15 /* TipCalculator.swift */ = {isa = PBXFileReference; fileEncoding = 4; lastKnownFileType = sourcecode.swift; path = TipCalculator.swift; sourceTree = "<group>"; };
		238A4B611D7112130067BCFA /* CkPls iMessage App Extension.appex */ = {isa = PBXFileReference; explicitFileType = "wrapper.app-extension"; includeInIndex = 0; path = "CkPls iMessage App Extension.appex"; sourceTree = BUILT_PRODUCTS_DIR; };
		238A4B631D7112130067BCFA /* Messages.framework */ = {isa = PBXFileReference; lastKnownFileType = wrapper.framework; name = Messages.framework; path = System/Library/Frameworks/Messages.framework; sourceTree = SDKROOT; };
		238A4B661D7112130067BCFA /* MessagesViewController.swift */ = {isa = PBXFileReference; lastKnownFileType = sourcecode.swift; path = MessagesViewController.swift; sourceTree = "<group>"; };
		238A4B691D7112130067BCFA /* Base */ = {isa = PBXFileReference; lastKnownFileType = file.storyboard; name = Base; path = Base.lproj/MainInterface.storyboard; sourceTree = "<group>"; };
		238A4B6B1D7112130067BCFA /* iMessageAssets.xcassets */ = {isa = PBXFileReference; lastKnownFileType = folder.assetcatalog; path = iMessageAssets.xcassets; sourceTree = "<group>"; };
		238A4B6D1D7112130067BCFA /* Info.plist */ = {isa = PBXFileReference; lastKnownFileType = text.plist.xml; path = Info.plist; sourceTree = "<group>"; };
		238BFE241D2813FE00C8B6E8 /* CkPls.app */ = {isa = PBXFileReference; explicitFileType = wrapper.application; includeInIndex = 0; path = CkPls.app; sourceTree = BUILT_PRODUCTS_DIR; };
		238BFE271D2813FE00C8B6E8 /* AppDelegate.swift */ = {isa = PBXFileReference; lastKnownFileType = sourcecode.swift; path = AppDelegate.swift; sourceTree = "<group>"; };
		238BFE291D2813FE00C8B6E8 /* ViewController.swift */ = {isa = PBXFileReference; lastKnownFileType = sourcecode.swift; path = ViewController.swift; sourceTree = "<group>"; };
		238BFE2C1D2813FE00C8B6E8 /* Base */ = {isa = PBXFileReference; lastKnownFileType = file.storyboard; name = Base; path = Base.lproj/Main.storyboard; sourceTree = "<group>"; };
		238BFE2E1D2813FE00C8B6E8 /* Assets.xcassets */ = {isa = PBXFileReference; lastKnownFileType = folder.assetcatalog; path = Assets.xcassets; sourceTree = "<group>"; };
		238BFE311D2813FE00C8B6E8 /* Base */ = {isa = PBXFileReference; lastKnownFileType = file.storyboard; name = Base; path = Base.lproj/LaunchScreen.storyboard; sourceTree = "<group>"; };
		238BFE331D2813FE00C8B6E8 /* Info.plist */ = {isa = PBXFileReference; lastKnownFileType = text.plist.xml; path = Info.plist; sourceTree = "<group>"; };
		238BFE381D2813FE00C8B6E8 /* CkPls.xctest */ = {isa = PBXFileReference; explicitFileType = wrapper.cfbundle; includeInIndex = 0; path = CkPls.xctest; sourceTree = BUILT_PRODUCTS_DIR; };
		238BFE3C1D2813FE00C8B6E8 /* CheckPleaseTests.swift */ = {isa = PBXFileReference; lastKnownFileType = sourcecode.swift; path = CheckPleaseTests.swift; sourceTree = "<group>"; };
		238BFE3E1D2813FE00C8B6E8 /* Info.plist */ = {isa = PBXFileReference; lastKnownFileType = text.plist.xml; path = Info.plist; sourceTree = "<group>"; };
		23970B621D2D4DB300A67666 /* License.txt */ = {isa = PBXFileReference; fileEncoding = 4; lastKnownFileType = text; path = License.txt; sourceTree = "<group>"; };
		23970B711D2DD7A700A67666 /* ViewBlinker.swift */ = {isa = PBXFileReference; fileEncoding = 4; lastKnownFileType = sourcecode.swift; path = ViewBlinker.swift; sourceTree = "<group>"; };
/* End PBXFileReference section */

/* Begin PBXFrameworksBuildPhase section */
		235CDC211D29794300E15F15 /* Frameworks */ = {
			isa = PBXFrameworksBuildPhase;
			buildActionMask = 2147483647;
			files = (
			);
			runOnlyForDeploymentPostprocessing = 0;
		};
		238A4B5E1D7112130067BCFA /* Frameworks */ = {
			isa = PBXFrameworksBuildPhase;
			buildActionMask = 2147483647;
			files = (
				238A4B641D7112130067BCFA /* Messages.framework in Frameworks */,
			);
			runOnlyForDeploymentPostprocessing = 0;
		};
		238BFE211D2813FE00C8B6E8 /* Frameworks */ = {
			isa = PBXFrameworksBuildPhase;
			buildActionMask = 2147483647;
			files = (
			);
			runOnlyForDeploymentPostprocessing = 0;
		};
		238BFE351D2813FE00C8B6E8 /* Frameworks */ = {
			isa = PBXFrameworksBuildPhase;
			buildActionMask = 2147483647;
			files = (
			);
			runOnlyForDeploymentPostprocessing = 0;
		};
/* End PBXFrameworksBuildPhase section */

/* Begin PBXGroup section */
		235CDC191D29794300E15F15 /* CheckPlease WatchKit App */ = {
			isa = PBXGroup;
			children = (
				235CDC1A1D29794300E15F15 /* Interface.storyboard */,
				235CDC1D1D29794300E15F15 /* Assets.xcassets */,
				235CDC1F1D29794300E15F15 /* Info.plist */,
			);
			path = "CheckPlease WatchKit App";
			sourceTree = "<group>";
		};
		235CDC281D29794300E15F15 /* CheckPlease WatchKit App Extension */ = {
			isa = PBXGroup;
			children = (
				235CDC291D29794300E15F15 /* InterfaceController.swift */,
				235CDC2B1D29794300E15F15 /* ExtensionDelegate.swift */,
				235CDC2D1D29794300E15F15 /* ComplicationController.swift */,
				235CDC2F1D29794300E15F15 /* Assets.xcassets */,
				235CDC311D29794300E15F15 /* Info.plist */,
			);
			path = "CheckPlease WatchKit App Extension";
			sourceTree = "<group>";
		};
		238A4B621D7112130067BCFA /* Frameworks */ = {
			isa = PBXGroup;
			children = (
				238A4B631D7112130067BCFA /* Messages.framework */,
			);
			name = Frameworks;
			sourceTree = "<group>";
		};
		238A4B651D7112130067BCFA /* CkPls iMessage App Extension */ = {
			isa = PBXGroup;
			children = (
				238A4B661D7112130067BCFA /* MessagesViewController.swift */,
				23342EBE1D76289300CF11A9 /* CompactViewController.swift */,
				23342EC21D762DEA00CF11A9 /* ExpandedViewController.swift */,
				238A4B681D7112130067BCFA /* MainInterface.storyboard */,
				238A4B6B1D7112130067BCFA /* iMessageAssets.xcassets */,
				238A4B6D1D7112130067BCFA /* Info.plist */,
			);
			path = "CkPls iMessage App Extension";
			sourceTree = "<group>";
		};
		238BFE1B1D2813FE00C8B6E8 = {
			isa = PBXGroup;
			children = (
				23970B621D2D4DB300A67666 /* License.txt */,
				238BFE261D2813FE00C8B6E8 /* CheckPlease */,
				238BFE3B1D2813FE00C8B6E8 /* CheckPleaseTests */,
				235CDC191D29794300E15F15 /* CheckPlease WatchKit App */,
				235CDC281D29794300E15F15 /* CheckPlease WatchKit App Extension */,
				238A4B651D7112130067BCFA /* CkPls iMessage App Extension */,
				238A4B621D7112130067BCFA /* Frameworks */,
				238BFE251D2813FE00C8B6E8 /* Products */,
			);
			sourceTree = "<group>";
		};
		238BFE251D2813FE00C8B6E8 /* Products */ = {
			isa = PBXGroup;
			children = (
				238BFE241D2813FE00C8B6E8 /* CkPls.app */,
				238BFE381D2813FE00C8B6E8 /* CkPls.xctest */,
				235CDC181D29794300E15F15 /* CkPls.app */,
				235CDC241D29794300E15F15 /* CkPls.appex */,
				238A4B611D7112130067BCFA /* CkPls iMessage App Extension.appex */,
			);
			name = Products;
			sourceTree = "<group>";
		};
		238BFE261D2813FE00C8B6E8 /* CheckPlease */ = {
			isa = PBXGroup;
			children = (
				238BFE271D2813FE00C8B6E8 /* AppDelegate.swift */,
				238BFE291D2813FE00C8B6E8 /* ViewController.swift */,
				238BFE2B1D2813FE00C8B6E8 /* Main.storyboard */,
				238BFE2E1D2813FE00C8B6E8 /* Assets.xcassets */,
				238BFE301D2813FE00C8B6E8 /* LaunchScreen.storyboard */,
				238BFE331D2813FE00C8B6E8 /* Info.plist */,
				235CDC3D1D2AACC100E15F15 /* TipCalculator.swift */,
				23342EC51D7631E600CF11A9 /* KeypadBehavior.swift */,
				23970B711D2DD7A700A67666 /* ViewBlinker.swift */,
				23342EC81D7654A600CF11A9 /* TipData.swift */,
			);
			path = CheckPlease;
			sourceTree = "<group>";
		};
		238BFE3B1D2813FE00C8B6E8 /* CheckPleaseTests */ = {
			isa = PBXGroup;
			children = (
				238BFE3C1D2813FE00C8B6E8 /* CheckPleaseTests.swift */,
				238BFE3E1D2813FE00C8B6E8 /* Info.plist */,
			);
			path = CheckPleaseTests;
			sourceTree = "<group>";
		};
/* End PBXGroup section */

/* Begin PBXNativeTarget section */
		235CDC171D29794300E15F15 /* CkPls WatchKit App */ = {
			isa = PBXNativeTarget;
			buildConfigurationList = 235CDC391D29794400E15F15 /* Build configuration list for PBXNativeTarget "CkPls WatchKit App" */;
			buildPhases = (
				235CDC161D29794300E15F15 /* Resources */,
				235CDC381D29794400E15F15 /* Embed App Extensions */,
			);
			buildRules = (
			);
			dependencies = (
				235CDC271D29794300E15F15 /* PBXTargetDependency */,
			);
			name = "CkPls WatchKit App";
			productName = "CheckPlease WatchKit App";
			productReference = 235CDC181D29794300E15F15 /* CkPls.app */;
			productType = "com.apple.product-type.application.watchapp2";
		};
		235CDC231D29794300E15F15 /* CkPls WatchKit App Extension */ = {
			isa = PBXNativeTarget;
			buildConfigurationList = 235CDC351D29794400E15F15 /* Build configuration list for PBXNativeTarget "CkPls WatchKit App Extension" */;
			buildPhases = (
				235CDC201D29794300E15F15 /* Sources */,
				235CDC211D29794300E15F15 /* Frameworks */,
				235CDC221D29794300E15F15 /* Resources */,
			);
			buildRules = (
			);
			dependencies = (
			);
			name = "CkPls WatchKit App Extension";
			productName = "CheckPlease WatchKit App Extension";
			productReference = 235CDC241D29794300E15F15 /* CkPls.appex */;
			productType = "com.apple.product-type.watchkit2-extension";
		};
		238A4B601D7112130067BCFA /* CkPls iMessage App Extension */ = {
			isa = PBXNativeTarget;
			buildConfigurationList = 238A4B731D7112130067BCFA /* Build configuration list for PBXNativeTarget "CkPls iMessage App Extension" */;
			buildPhases = (
				238A4B5D1D7112130067BCFA /* Sources */,
				238A4B5E1D7112130067BCFA /* Frameworks */,
				238A4B5F1D7112130067BCFA /* Resources */,
			);
			buildRules = (
			);
			dependencies = (
			);
			name = "CkPls iMessage App Extension";
			productName = "CkPls iMessage App Extension";
			productReference = 238A4B611D7112130067BCFA /* CkPls iMessage App Extension.appex */;
			productType = "com.apple.product-type.app-extension.messages";
		};
		238BFE231D2813FE00C8B6E8 /* CkPls */ = {
			isa = PBXNativeTarget;
			buildConfigurationList = 238BFE411D2813FE00C8B6E8 /* Build configuration list for PBXNativeTarget "CkPls" */;
			buildPhases = (
				238BFE201D2813FE00C8B6E8 /* Sources */,
				238BFE211D2813FE00C8B6E8 /* Frameworks */,
				238BFE221D2813FE00C8B6E8 /* Resources */,
				235CDC3C1D29794400E15F15 /* Embed Watch Content */,
				238A4B741D7112130067BCFA /* Embed App Extensions */,
			);
			buildRules = (
			);
			dependencies = (
				235CDC331D29794300E15F15 /* PBXTargetDependency */,
			);
			name = CkPls;
			productName = CheckPlease;
			productReference = 238BFE241D2813FE00C8B6E8 /* CkPls.app */;
			productType = "com.apple.product-type.application";
		};
		238BFE371D2813FE00C8B6E8 /* CkPlsTests */ = {
			isa = PBXNativeTarget;
			buildConfigurationList = 238BFE441D2813FE00C8B6E8 /* Build configuration list for PBXNativeTarget "CkPlsTests" */;
			buildPhases = (
				238BFE341D2813FE00C8B6E8 /* Sources */,
				238BFE351D2813FE00C8B6E8 /* Frameworks */,
				238BFE361D2813FE00C8B6E8 /* Resources */,
			);
			buildRules = (
			);
			dependencies = (
				238BFE3A1D2813FE00C8B6E8 /* PBXTargetDependency */,
			);
			name = CkPlsTests;
			productName = CheckPleaseTests;
			productReference = 238BFE381D2813FE00C8B6E8 /* CkPls.xctest */;
			productType = "com.apple.product-type.bundle.unit-test";
		};
/* End PBXNativeTarget section */

/* Begin PBXProject section */
		238BFE1C1D2813FE00C8B6E8 /* Project object */ = {
			isa = PBXProject;
			attributes = {
				KnownAssetTags = (
					1,
				);
				LastSwiftUpdateCheck = 0800;
				LastUpgradeCheck = 1310;
				ORGANIZATIONNAME = "Jake Hirzel";
				TargetAttributes = {
					235CDC171D29794300E15F15 = {
						CreatedOnToolsVersion = 7.3.1;
						DevelopmentTeam = BSAA9W64H3;
						LastSwiftMigration = 0900;
						ProvisioningStyle = Automatic;
					};
					235CDC231D29794300E15F15 = {
						CreatedOnToolsVersion = 7.3.1;
						DevelopmentTeam = BSAA9W64H3;
						LastSwiftMigration = 1120;
					};
					238A4B601D7112130067BCFA = {
						CreatedOnToolsVersion = 8.0;
						DevelopmentTeam = BSAA9W64H3;
						LastSwiftMigration = 1120;
						ProvisioningStyle = Automatic;
					};
					238BFE231D2813FE00C8B6E8 = {
						CreatedOnToolsVersion = 7.3.1;
						DevelopmentTeam = BSAA9W64H3;
						LastSwiftMigration = 1120;
						ProvisioningStyle = Automatic;
					};
					238BFE371D2813FE00C8B6E8 = {
						CreatedOnToolsVersion = 7.3.1;
						LastSwiftMigration = 1120;
						TestTargetID = 238BFE231D2813FE00C8B6E8;
					};
				};
			};
			buildConfigurationList = 238BFE1F1D2813FE00C8B6E8 /* Build configuration list for PBXProject "CkPls" */;
			compatibilityVersion = "Xcode 3.2";
			developmentRegion = en;
			hasScannedForEncodings = 0;
			knownRegions = (
				en,
				Base,
			);
			mainGroup = 238BFE1B1D2813FE00C8B6E8;
			productRefGroup = 238BFE251D2813FE00C8B6E8 /* Products */;
			projectDirPath = "";
			projectRoot = "";
			targets = (
				238BFE231D2813FE00C8B6E8 /* CkPls */,
				238BFE371D2813FE00C8B6E8 /* CkPlsTests */,
				235CDC171D29794300E15F15 /* CkPls WatchKit App */,
				235CDC231D29794300E15F15 /* CkPls WatchKit App Extension */,
				238A4B601D7112130067BCFA /* CkPls iMessage App Extension */,
			);
		};
/* End PBXProject section */

/* Begin PBXResourcesBuildPhase section */
		235CDC161D29794300E15F15 /* Resources */ = {
			isa = PBXResourcesBuildPhase;
			buildActionMask = 2147483647;
			files = (
				235CDC1E1D29794300E15F15 /* Assets.xcassets in Resources */,
				235CDC1C1D29794300E15F15 /* Interface.storyboard in Resources */,
				23970B641D2D4DB300A67666 /* License.txt in Resources */,
			);
			runOnlyForDeploymentPostprocessing = 0;
		};
		235CDC221D29794300E15F15 /* Resources */ = {
			isa = PBXResourcesBuildPhase;
			buildActionMask = 2147483647;
			files = (
				23970B651D2D4DB300A67666 /* License.txt in Resources */,
				235CDC301D29794300E15F15 /* Assets.xcassets in Resources */,
			);
			runOnlyForDeploymentPostprocessing = 0;
		};
		238A4B5F1D7112130067BCFA /* Resources */ = {
			isa = PBXResourcesBuildPhase;
			buildActionMask = 2147483647;
			files = (
				23C8BBE9236E1D530037F933 /* iMessageAssets.xcassets in Resources */,
				238A4B6A1D7112130067BCFA /* MainInterface.storyboard in Resources */,
			);
			runOnlyForDeploymentPostprocessing = 0;
		};
		238BFE221D2813FE00C8B6E8 /* Resources */ = {
			isa = PBXResourcesBuildPhase;
			buildActionMask = 2147483647;
			files = (
				23970B631D2D4DB300A67666 /* License.txt in Resources */,
				238BFE321D2813FE00C8B6E8 /* LaunchScreen.storyboard in Resources */,
				238BFE2F1D2813FE00C8B6E8 /* Assets.xcassets in Resources */,
				238BFE2D1D2813FE00C8B6E8 /* Main.storyboard in Resources */,
			);
			runOnlyForDeploymentPostprocessing = 0;
		};
		238BFE361D2813FE00C8B6E8 /* Resources */ = {
			isa = PBXResourcesBuildPhase;
			buildActionMask = 2147483647;
			files = (
			);
			runOnlyForDeploymentPostprocessing = 0;
		};
/* End PBXResourcesBuildPhase section */

/* Begin PBXSourcesBuildPhase section */
		235CDC201D29794300E15F15 /* Sources */ = {
			isa = PBXSourcesBuildPhase;
			buildActionMask = 2147483647;
			files = (
				235CDC2C1D29794300E15F15 /* ExtensionDelegate.swift in Sources */,
				235CDC3F1D2AACC100E15F15 /* TipCalculator.swift in Sources */,
				235CDC2A1D29794300E15F15 /* InterfaceController.swift in Sources */,
				235CDC2E1D29794300E15F15 /* ComplicationController.swift in Sources */,
			);
			runOnlyForDeploymentPostprocessing = 0;
		};
		238A4B5D1D7112130067BCFA /* Sources */ = {
			isa = PBXSourcesBuildPhase;
			buildActionMask = 2147483647;
			files = (
				23342EBF1D76289300CF11A9 /* CompactViewController.swift in Sources */,
				23342EC71D7631E600CF11A9 /* KeypadBehavior.swift in Sources */,
				23342EBB1D75DDB700CF11A9 /* ViewBlinker.swift in Sources */,
				23342ECA1D7654A600CF11A9 /* TipData.swift in Sources */,
				238A4B671D7112130067BCFA /* MessagesViewController.swift in Sources */,
				23342EC31D762DEA00CF11A9 /* ExpandedViewController.swift in Sources */,
				23342EC41D7630F900CF11A9 /* TipCalculator.swift in Sources */,
			);
			runOnlyForDeploymentPostprocessing = 0;
		};
		238BFE201D2813FE00C8B6E8 /* Sources */ = {
			isa = PBXSourcesBuildPhase;
			buildActionMask = 2147483647;
			files = (
				23342EC61D7631E600CF11A9 /* KeypadBehavior.swift in Sources */,
				235CDC3E1D2AACC100E15F15 /* TipCalculator.swift in Sources */,
				238BFE2A1D2813FE00C8B6E8 /* ViewController.swift in Sources */,
				23970B721D2DD7A700A67666 /* ViewBlinker.swift in Sources */,
				238BFE281D2813FE00C8B6E8 /* AppDelegate.swift in Sources */,
				23342EC91D7654A600CF11A9 /* TipData.swift in Sources */,
			);
			runOnlyForDeploymentPostprocessing = 0;
		};
		238BFE341D2813FE00C8B6E8 /* Sources */ = {
			isa = PBXSourcesBuildPhase;
			buildActionMask = 2147483647;
			files = (
				238BFE3D1D2813FE00C8B6E8 /* CheckPleaseTests.swift in Sources */,
			);
			runOnlyForDeploymentPostprocessing = 0;
		};
/* End PBXSourcesBuildPhase section */

/* Begin PBXTargetDependency section */
		235CDC271D29794300E15F15 /* PBXTargetDependency */ = {
			isa = PBXTargetDependency;
			target = 235CDC231D29794300E15F15 /* CkPls WatchKit App Extension */;
			targetProxy = 235CDC261D29794300E15F15 /* PBXContainerItemProxy */;
		};
		235CDC331D29794300E15F15 /* PBXTargetDependency */ = {
			isa = PBXTargetDependency;
			target = 235CDC171D29794300E15F15 /* CkPls WatchKit App */;
			targetProxy = 235CDC321D29794300E15F15 /* PBXContainerItemProxy */;
		};
		238BFE3A1D2813FE00C8B6E8 /* PBXTargetDependency */ = {
			isa = PBXTargetDependency;
			target = 238BFE231D2813FE00C8B6E8 /* CkPls */;
			targetProxy = 238BFE391D2813FE00C8B6E8 /* PBXContainerItemProxy */;
		};
/* End PBXTargetDependency section */

/* Begin PBXVariantGroup section */
		235CDC1A1D29794300E15F15 /* Interface.storyboard */ = {
			isa = PBXVariantGroup;
			children = (
				235CDC1B1D29794300E15F15 /* Base */,
			);
			name = Interface.storyboard;
			sourceTree = "<group>";
		};
		238A4B681D7112130067BCFA /* MainInterface.storyboard */ = {
			isa = PBXVariantGroup;
			children = (
				238A4B691D7112130067BCFA /* Base */,
			);
			name = MainInterface.storyboard;
			sourceTree = "<group>";
		};
		238BFE2B1D2813FE00C8B6E8 /* Main.storyboard */ = {
			isa = PBXVariantGroup;
			children = (
				238BFE2C1D2813FE00C8B6E8 /* Base */,
			);
			name = Main.storyboard;
			sourceTree = "<group>";
		};
		238BFE301D2813FE00C8B6E8 /* LaunchScreen.storyboard */ = {
			isa = PBXVariantGroup;
			children = (
				238BFE311D2813FE00C8B6E8 /* Base */,
			);
			name = LaunchScreen.storyboard;
			sourceTree = "<group>";
		};
/* End PBXVariantGroup section */

/* Begin XCBuildConfiguration section */
		235CDC361D29794400E15F15 /* Debug */ = {
			isa = XCBuildConfiguration;
			buildSettings = {
				ASSETCATALOG_COMPILER_COMPLICATION_NAME = Complication;
				CODE_SIGN_IDENTITY = "iPhone Developer";
				"CODE_SIGN_IDENTITY[sdk=watchos*]" = "iPhone Developer";
				CURRENT_PROJECT_VERSION = 3;
				INFOPLIST_FILE = "CheckPlease WatchKit App Extension/Info.plist";
				LD_RUNPATH_SEARCH_PATHS = "$(inherited) @executable_path/Frameworks @executable_path/../../Frameworks";
				MARKETING_VERSION = 2.0.3;
				PRODUCT_BUNDLE_IDENTIFIER = com.jakehirzel.CkPls.watchkitapp.watchkitextension;
				PRODUCT_NAME = CkPls;
				PROVISIONING_PROFILE = "";
				SDKROOT = watchos;
				SKIP_INSTALL = YES;
				SWIFT_SWIFT3_OBJC_INFERENCE = Default;
				SWIFT_VERSION = 5.0;
				TARGETED_DEVICE_FAMILY = 4;
				WATCHOS_DEPLOYMENT_TARGET = 2.2;
			};
			name = Debug;
		};
		235CDC371D29794400E15F15 /* Release */ = {
			isa = XCBuildConfiguration;
			buildSettings = {
				ASSETCATALOG_COMPILER_COMPLICATION_NAME = Complication;
				CODE_SIGN_IDENTITY = "iPhone Developer";
				"CODE_SIGN_IDENTITY[sdk=watchos*]" = "iPhone Developer";
				CURRENT_PROJECT_VERSION = 3;
				INFOPLIST_FILE = "CheckPlease WatchKit App Extension/Info.plist";
				LD_RUNPATH_SEARCH_PATHS = "$(inherited) @executable_path/Frameworks @executable_path/../../Frameworks";
				MARKETING_VERSION = 2.0.3;
				PRODUCT_BUNDLE_IDENTIFIER = com.jakehirzel.CkPls.watchkitapp.watchkitextension;
				PRODUCT_NAME = CkPls;
				PROVISIONING_PROFILE = "";
				SDKROOT = watchos;
				SKIP_INSTALL = YES;
				SWIFT_SWIFT3_OBJC_INFERENCE = Default;
				SWIFT_VERSION = 5.0;
				TARGETED_DEVICE_FAMILY = 4;
				WATCHOS_DEPLOYMENT_TARGET = 2.2;
			};
			name = Release;
		};
		235CDC3A1D29794400E15F15 /* Debug */ = {
			isa = XCBuildConfiguration;
			buildSettings = {
				ALWAYS_EMBED_SWIFT_STANDARD_LIBRARIES = YES;
				ASSETCATALOG_COMPILER_APPICON_NAME = AppIcon;
				CODE_SIGN_IDENTITY = "Apple Development";
				"CODE_SIGN_IDENTITY[sdk=iphoneos*]" = "iPhone Developer";
				"CODE_SIGN_IDENTITY[sdk=watchos*]" = "iPhone Developer";
				CODE_SIGN_STYLE = Automatic;
				CURRENT_PROJECT_VERSION = 3;
				DEVELOPMENT_TEAM = BSAA9W64H3;
				IBSC_MODULE = CheckPlease_WatchKit_App_Extension;
				INFOPLIST_FILE = "CheckPlease WatchKit App/Info.plist";
				MARKETING_VERSION = 2.0.3;
				PRODUCT_BUNDLE_IDENTIFIER = com.jakehirzel.CkPls.watchkitapp;
				PRODUCT_NAME = CkPls;
				PROVISIONING_PROFILE = "";
				PROVISIONING_PROFILE_SPECIFIER = "";
				SDKROOT = watchos;
				SKIP_INSTALL = YES;
				SWIFT_SWIFT3_OBJC_INFERENCE = On;
				SWIFT_VERSION = 4.0;
				TARGETED_DEVICE_FAMILY = 4;
				WATCHOS_DEPLOYMENT_TARGET = 2.2;
			};
			name = Debug;
		};
		235CDC3B1D29794400E15F15 /* Release */ = {
			isa = XCBuildConfiguration;
			buildSettings = {
				ALWAYS_EMBED_SWIFT_STANDARD_LIBRARIES = YES;
				ASSETCATALOG_COMPILER_APPICON_NAME = AppIcon;
				CODE_SIGN_IDENTITY = "Apple Development";
				"CODE_SIGN_IDENTITY[sdk=iphoneos*]" = "iPhone Developer";
				"CODE_SIGN_IDENTITY[sdk=watchos*]" = "iPhone Developer";
				CODE_SIGN_STYLE = Automatic;
				CURRENT_PROJECT_VERSION = 3;
				DEVELOPMENT_TEAM = BSAA9W64H3;
				IBSC_MODULE = CheckPlease_WatchKit_App_Extension;
				INFOPLIST_FILE = "CheckPlease WatchKit App/Info.plist";
				MARKETING_VERSION = 2.0.3;
				PRODUCT_BUNDLE_IDENTIFIER = com.jakehirzel.CkPls.watchkitapp;
				PRODUCT_NAME = CkPls;
				PROVISIONING_PROFILE = "";
				PROVISIONING_PROFILE_SPECIFIER = "";
				SDKROOT = watchos;
				SKIP_INSTALL = YES;
				SWIFT_SWIFT3_OBJC_INFERENCE = On;
				SWIFT_VERSION = 4.0;
				TARGETED_DEVICE_FAMILY = 4;
				WATCHOS_DEPLOYMENT_TARGET = 2.2;
			};
			name = Release;
		};
		238A4B711D7112130067BCFA /* Debug */ = {
			isa = XCBuildConfiguration;
			buildSettings = {
				ASSETCATALOG_COMPILER_APPICON_NAME = "Messages Icon";
				CLANG_WARN_DOCUMENTATION_COMMENTS = YES;
				CLANG_WARN_SUSPICIOUS_MOVES = YES;
				CODE_SIGN_IDENTITY = "iPhone Developer";
				"CODE_SIGN_IDENTITY[sdk=iphoneos*]" = "iPhone Developer";
				CURRENT_PROJECT_VERSION = 3;
				DEVELOPMENT_TEAM = BSAA9W64H3;
				INFOPLIST_FILE = "CkPls iMessage App Extension/Info.plist";
				IPHONEOS_DEPLOYMENT_TARGET = 12.0;
				LD_RUNPATH_SEARCH_PATHS = "$(inherited) @executable_path/Frameworks @executable_path/../../Frameworks";
				MARKETING_VERSION = 2.0.3;
				PRODUCT_BUNDLE_IDENTIFIER = "com.jakehirzel.CkPls.CkPls-iMessage-App-Extension";
				PRODUCT_NAME = "$(TARGET_NAME)";
				SKIP_INSTALL = YES;
				SWIFT_ACTIVE_COMPILATION_CONDITIONS = DEBUG;
				SWIFT_SWIFT3_OBJC_INFERENCE = Default;
				SWIFT_VERSION = 5.0;
			};
			name = Debug;
		};
		238A4B721D7112130067BCFA /* Release */ = {
			isa = XCBuildConfiguration;
			buildSettings = {
				ASSETCATALOG_COMPILER_APPICON_NAME = "Messages Icon";
				CLANG_WARN_DOCUMENTATION_COMMENTS = YES;
				CLANG_WARN_SUSPICIOUS_MOVES = YES;
				CODE_SIGN_IDENTITY = "iPhone Developer";
				"CODE_SIGN_IDENTITY[sdk=iphoneos*]" = "iPhone Developer";
				CURRENT_PROJECT_VERSION = 3;
				DEVELOPMENT_TEAM = BSAA9W64H3;
				INFOPLIST_FILE = "CkPls iMessage App Extension/Info.plist";
				IPHONEOS_DEPLOYMENT_TARGET = 12.0;
				LD_RUNPATH_SEARCH_PATHS = "$(inherited) @executable_path/Frameworks @executable_path/../../Frameworks";
				MARKETING_VERSION = 2.0.3;
				PRODUCT_BUNDLE_IDENTIFIER = "com.jakehirzel.CkPls.CkPls-iMessage-App-Extension";
				PRODUCT_NAME = "$(TARGET_NAME)";
				SKIP_INSTALL = YES;
				SWIFT_SWIFT3_OBJC_INFERENCE = Default;
				SWIFT_VERSION = 5.0;
			};
			name = Release;
		};
		238BFE3F1D2813FE00C8B6E8 /* Debug */ = {
			isa = XCBuildConfiguration;
			buildSettings = {
				ALWAYS_SEARCH_USER_PATHS = NO;
				CLANG_ANALYZER_LOCALIZABILITY_NONLOCALIZED = YES;
				CLANG_ANALYZER_NONNULL = YES;
				CLANG_CXX_LANGUAGE_STANDARD = "gnu++0x";
				CLANG_CXX_LIBRARY = "libc++";
				CLANG_ENABLE_MODULES = YES;
				CLANG_ENABLE_OBJC_ARC = YES;
				CLANG_WARN_BLOCK_CAPTURE_AUTORELEASING = YES;
				CLANG_WARN_BOOL_CONVERSION = YES;
				CLANG_WARN_COMMA = YES;
				CLANG_WARN_CONSTANT_CONVERSION = YES;
				CLANG_WARN_DEPRECATED_OBJC_IMPLEMENTATIONS = YES;
				CLANG_WARN_DIRECT_OBJC_ISA_USAGE = YES_ERROR;
				CLANG_WARN_EMPTY_BODY = YES;
				CLANG_WARN_ENUM_CONVERSION = YES;
				CLANG_WARN_INFINITE_RECURSION = YES;
				CLANG_WARN_INT_CONVERSION = YES;
				CLANG_WARN_NON_LITERAL_NULL_CONVERSION = YES;
				CLANG_WARN_OBJC_IMPLICIT_RETAIN_SELF = YES;
				CLANG_WARN_OBJC_LITERAL_CONVERSION = YES;
				CLANG_WARN_OBJC_ROOT_CLASS = YES_ERROR;
				CLANG_WARN_QUOTED_INCLUDE_IN_FRAMEWORK_HEADER = YES;
				CLANG_WARN_RANGE_LOOP_ANALYSIS = YES;
				CLANG_WARN_STRICT_PROTOTYPES = YES;
				CLANG_WARN_SUSPICIOUS_MOVE = YES;
				CLANG_WARN_UNREACHABLE_CODE = YES;
				CLANG_WARN__DUPLICATE_METHOD_MATCH = YES;
				CODE_SIGN_IDENTITY = "iPhone Developer";
				"CODE_SIGN_IDENTITY[sdk=iphoneos*]" = "iPhone Developer";
				COPY_PHASE_STRIP = NO;
				DEBUG_INFORMATION_FORMAT = dwarf;
				ENABLE_STRICT_OBJC_MSGSEND = YES;
				ENABLE_TESTABILITY = YES;
				GCC_C_LANGUAGE_STANDARD = gnu99;
				GCC_DYNAMIC_NO_PIC = NO;
				GCC_NO_COMMON_BLOCKS = YES;
				GCC_OPTIMIZATION_LEVEL = 0;
				GCC_PREPROCESSOR_DEFINITIONS = (
					"DEBUG=1",
					"$(inherited)",
				);
				GCC_WARN_64_TO_32_BIT_CONVERSION = YES;
				GCC_WARN_ABOUT_RETURN_TYPE = YES_ERROR;
				GCC_WARN_UNDECLARED_SELECTOR = YES;
				GCC_WARN_UNINITIALIZED_AUTOS = YES_AGGRESSIVE;
				GCC_WARN_UNUSED_FUNCTION = YES;
				GCC_WARN_UNUSED_VARIABLE = YES;
				IPHONEOS_DEPLOYMENT_TARGET = 12.0;
				MTL_ENABLE_DEBUG_INFO = YES;
				ONLY_ACTIVE_ARCH = YES;
				SDKROOT = iphoneos;
				SWIFT_OPTIMIZATION_LEVEL = "-Onone";
				TARGETED_DEVICE_FAMILY = "1,2";
			};
			name = Debug;
		};
		238BFE401D2813FE00C8B6E8 /* Release */ = {
			isa = XCBuildConfiguration;
			buildSettings = {
				ALWAYS_SEARCH_USER_PATHS = NO;
				CLANG_ANALYZER_LOCALIZABILITY_NONLOCALIZED = YES;
				CLANG_ANALYZER_NONNULL = YES;
				CLANG_CXX_LANGUAGE_STANDARD = "gnu++0x";
				CLANG_CXX_LIBRARY = "libc++";
				CLANG_ENABLE_MODULES = YES;
				CLANG_ENABLE_OBJC_ARC = YES;
				CLANG_WARN_BLOCK_CAPTURE_AUTORELEASING = YES;
				CLANG_WARN_BOOL_CONVERSION = YES;
				CLANG_WARN_COMMA = YES;
				CLANG_WARN_CONSTANT_CONVERSION = YES;
				CLANG_WARN_DEPRECATED_OBJC_IMPLEMENTATIONS = YES;
				CLANG_WARN_DIRECT_OBJC_ISA_USAGE = YES_ERROR;
				CLANG_WARN_EMPTY_BODY = YES;
				CLANG_WARN_ENUM_CONVERSION = YES;
				CLANG_WARN_INFINITE_RECURSION = YES;
				CLANG_WARN_INT_CONVERSION = YES;
				CLANG_WARN_NON_LITERAL_NULL_CONVERSION = YES;
				CLANG_WARN_OBJC_IMPLICIT_RETAIN_SELF = YES;
				CLANG_WARN_OBJC_LITERAL_CONVERSION = YES;
				CLANG_WARN_OBJC_ROOT_CLASS = YES_ERROR;
				CLANG_WARN_QUOTED_INCLUDE_IN_FRAMEWORK_HEADER = YES;
				CLANG_WARN_RANGE_LOOP_ANALYSIS = YES;
				CLANG_WARN_STRICT_PROTOTYPES = YES;
				CLANG_WARN_SUSPICIOUS_MOVE = YES;
				CLANG_WARN_UNREACHABLE_CODE = YES;
				CLANG_WARN__DUPLICATE_METHOD_MATCH = YES;
				CODE_SIGN_IDENTITY = "iPhone Developer";
				"CODE_SIGN_IDENTITY[sdk=iphoneos*]" = "iPhone Developer";
				COPY_PHASE_STRIP = NO;
				DEBUG_INFORMATION_FORMAT = "dwarf-with-dsym";
				ENABLE_NS_ASSERTIONS = NO;
				ENABLE_STRICT_OBJC_MSGSEND = YES;
				GCC_C_LANGUAGE_STANDARD = gnu99;
				GCC_NO_COMMON_BLOCKS = YES;
				GCC_WARN_64_TO_32_BIT_CONVERSION = YES;
				GCC_WARN_ABOUT_RETURN_TYPE = YES_ERROR;
				GCC_WARN_UNDECLARED_SELECTOR = YES;
				GCC_WARN_UNINITIALIZED_AUTOS = YES_AGGRESSIVE;
				GCC_WARN_UNUSED_FUNCTION = YES;
				GCC_WARN_UNUSED_VARIABLE = YES;
				IPHONEOS_DEPLOYMENT_TARGET = 12.0;
				MTL_ENABLE_DEBUG_INFO = NO;
				SDKROOT = iphoneos;
				SWIFT_OPTIMIZATION_LEVEL = "-Owholemodule";
				TARGETED_DEVICE_FAMILY = "1,2";
				VALIDATE_PRODUCT = YES;
			};
			name = Release;
		};
		238BFE421D2813FE00C8B6E8 /* Debug */ = {
			isa = XCBuildConfiguration;
			buildSettings = {
				ALWAYS_EMBED_SWIFT_STANDARD_LIBRARIES = YES;
				ASSETCATALOG_COMPILER_APPICON_NAME = AppIcon;
				CODE_SIGN_IDENTITY = "Apple Development";
				"CODE_SIGN_IDENTITY[sdk=iphoneos*]" = "iPhone Developer";
				CODE_SIGN_STYLE = Automatic;
				CURRENT_PROJECT_VERSION = 3;
				DEVELOPMENT_TEAM = BSAA9W64H3;
				INFOPLIST_FILE = CheckPlease/Info.plist;
				LD_RUNPATH_SEARCH_PATHS = "$(inherited) @executable_path/Frameworks";
				MARKETING_VERSION = 2.0.3;
				PRODUCT_BUNDLE_IDENTIFIER = com.jakehirzel.CkPls;
				PRODUCT_NAME = CkPls;
				PROVISIONING_PROFILE = "";
				PROVISIONING_PROFILE_SPECIFIER = "";
				SWIFT_SWIFT3_OBJC_INFERENCE = Default;
				SWIFT_VERSION = 5.0;
			};
			name = Debug;
		};
		238BFE431D2813FE00C8B6E8 /* Release */ = {
			isa = XCBuildConfiguration;
			buildSettings = {
				ALWAYS_EMBED_SWIFT_STANDARD_LIBRARIES = YES;
				ASSETCATALOG_COMPILER_APPICON_NAME = AppIcon;
				CODE_SIGN_IDENTITY = "Apple Development";
				"CODE_SIGN_IDENTITY[sdk=iphoneos*]" = "iPhone Developer";
				CODE_SIGN_STYLE = Automatic;
				CURRENT_PROJECT_VERSION = 3;
				DEVELOPMENT_TEAM = BSAA9W64H3;
				INFOPLIST_FILE = CheckPlease/Info.plist;
				LD_RUNPATH_SEARCH_PATHS = "$(inherited) @executable_path/Frameworks";
				MARKETING_VERSION = 2.0.3;
				PRODUCT_BUNDLE_IDENTIFIER = com.jakehirzel.CkPls;
				PRODUCT_NAME = CkPls;
				PROVISIONING_PROFILE = "";
				PROVISIONING_PROFILE_SPECIFIER = "";
				SWIFT_SWIFT3_OBJC_INFERENCE = Default;
				SWIFT_VERSION = 5.0;
			};
			name = Release;
		};
		238BFE451D2813FE00C8B6E8 /* Debug */ = {
			isa = XCBuildConfiguration;
			buildSettings = {
				BUNDLE_LOADER = "$(TEST_HOST)";
				INFOPLIST_FILE = CheckPleaseTests/Info.plist;
				LD_RUNPATH_SEARCH_PATHS = "$(inherited) @executable_path/Frameworks @loader_path/Frameworks";
				PRODUCT_BUNDLE_IDENTIFIER = com.example.CheckPleaseTests;
				PRODUCT_NAME = CkPls;
				SWIFT_SWIFT3_OBJC_INFERENCE = Default;
				SWIFT_VERSION = 5.0;
				TEST_HOST = "$(BUILT_PRODUCTS_DIR)/CkPls.app/CkPls";
			};
			name = Debug;
		};
		238BFE461D2813FE00C8B6E8 /* Release */ = {
			isa = XCBuildConfiguration;
			buildSettings = {
				BUNDLE_LOADER = "$(TEST_HOST)";
				INFOPLIST_FILE = CheckPleaseTests/Info.plist;
				LD_RUNPATH_SEARCH_PATHS = "$(inherited) @executable_path/Frameworks @loader_path/Frameworks";
				PRODUCT_BUNDLE_IDENTIFIER = com.example.CheckPleaseTests;
				PRODUCT_NAME = CkPls;
				SWIFT_SWIFT3_OBJC_INFERENCE = Default;
				SWIFT_VERSION = 5.0;
				TEST_HOST = "$(BUILT_PRODUCTS_DIR)/CkPls.app/CkPls";
			};
			name = Release;
		};
/* End XCBuildConfiguration section */

/* Begin XCConfigurationList section */
		235CDC351D29794400E15F15 /* Build configuration list for PBXNativeTarget "CkPls WatchKit App Extension" */ = {
			isa = XCConfigurationList;
			buildConfigurations = (
				235CDC361D29794400E15F15 /* Debug */,
				235CDC371D29794400E15F15 /* Release */,
			);
			defaultConfigurationIsVisible = 0;
			defaultConfigurationName = Release;
		};
		235CDC391D29794400E15F15 /* Build configuration list for PBXNativeTarget "CkPls WatchKit App" */ = {
			isa = XCConfigurationList;
			buildConfigurations = (
				235CDC3A1D29794400E15F15 /* Debug */,
				235CDC3B1D29794400E15F15 /* Release */,
			);
			defaultConfigurationIsVisible = 0;
			defaultConfigurationName = Release;
		};
		238A4B731D7112130067BCFA /* Build configuration list for PBXNativeTarget "CkPls iMessage App Extension" */ = {
			isa = XCConfigurationList;
			buildConfigurations = (
				238A4B711D7112130067BCFA /* Debug */,
				238A4B721D7112130067BCFA /* Release */,
			);
			defaultConfigurationIsVisible = 0;
			defaultConfigurationName = Release;
		};
		238BFE1F1D2813FE00C8B6E8 /* Build configuration list for PBXProject "CkPls" */ = {
			isa = XCConfigurationList;
			buildConfigurations = (
				238BFE3F1D2813FE00C8B6E8 /* Debug */,
				238BFE401D2813FE00C8B6E8 /* Release */,
			);
			defaultConfigurationIsVisible = 0;
			defaultConfigurationName = Release;
		};
		238BFE411D2813FE00C8B6E8 /* Build configuration list for PBXNativeTarget "CkPls" */ = {
			isa = XCConfigurationList;
			buildConfigurations = (
				238BFE421D2813FE00C8B6E8 /* Debug */,
				238BFE431D2813FE00C8B6E8 /* Release */,
			);
			defaultConfigurationIsVisible = 0;
			defaultConfigurationName = Release;
		};
		238BFE441D2813FE00C8B6E8 /* Build configuration list for PBXNativeTarget "CkPlsTests" */ = {
			isa = XCConfigurationList;
			buildConfigurations = (
				238BFE451D2813FE00C8B6E8 /* Debug */,
				238BFE461D2813FE00C8B6E8 /* Release */,
			);
			defaultConfigurationIsVisible = 0;
			defaultConfigurationName = Release;
		};
/* End XCConfigurationList section */
	};
	rootObject = 238BFE1C1D2813FE00C8B6E8 /* Project object */;
}
